// !$*UTF8*$!
{
	archiveVersion = 1;
	classes = {
	};
	objectVersion = 52;
	objects = {

/* Begin PBXBuildFile section */
		160B1D75289D728700B68C50 /* durationAnalysis.swift in Sources */ = {isa = PBXBuildFile; fileRef = 16C8995C288E1FF100DA69AC /* durationAnalysis.swift */; };
		1615FA4C27EE041F0089F0B6 /* Charts in Frameworks */ = {isa = PBXBuildFile; productRef = 1615FA4B27EE041F0089F0B6 /* Charts */; };
		1615FA4F27EE04390089F0B6 /* ZIPFoundation in Frameworks */ = {isa = PBXBuildFile; productRef = 1615FA4E27EE04390089F0B6 /* ZIPFoundation */; };
		1615FA5127EE092F0089F0B6 /* Publish requests.md in Resources */ = {isa = PBXBuildFile; fileRef = 1615FA5027EE092F0089F0B6 /* Publish requests.md */; };
		1615FA5427EE09810089F0B6 /* Excess secondary attack rate 1.md in Resources */ = {isa = PBXBuildFile; fileRef = 1615FA5327EE09810089F0B6 /* Excess secondary attack rate 1.md */; };
		1615FA5727EE09B10089F0B6 /* Excess secondary attack rate 3.md in Resources */ = {isa = PBXBuildFile; fileRef = 1615FA5627EE09B10089F0B6 /* Excess secondary attack rate 3.md */; };
		1615FA5927EE09CE0089F0B6 /* Excess secondary attack rate 4.md in Resources */ = {isa = PBXBuildFile; fileRef = 1615FA5827EE09CB0089F0B6 /* Excess secondary attack rate 4.md */; };
		1615FA5A27EE09D20089F0B6 /* Excess secondary attack rate 2.md in Resources */ = {isa = PBXBuildFile; fileRef = 1615FA5527EE09990089F0B6 /* Excess secondary attack rate 2.md */; };
		161A123527DA3D650026C53D /* Secondary attack rate.md in Resources */ = {isa = PBXBuildFile; fileRef = 161A123427DA3CE50026C53D /* Secondary attack rate.md */; };
		16216BD22885D10D008F5F36 /* Weighted duration distribution.md in Resources */ = {isa = PBXBuildFile; fileRef = 16216BD12885D107008F5F36 /* Weighted duration distribution.md */; };
		16216BD32885D110008F5F36 /* Encounter detected in past 14 days.md in Resources */ = {isa = PBXBuildFile; fileRef = 16216BD02885D0E9008F5F36 /* Encounter detected in past 14 days.md */; };
		16216BD52885D12B008F5F36 /* Sum score distribution.md in Resources */ = {isa = PBXBuildFile; fileRef = 16216BD42885D129008F5F36 /* Sum score distribution.md */; };
		16216BD72885D145008F5F36 /* Max score distribution.md in Resources */ = {isa = PBXBuildFile; fileRef = 16216BD62885D145008F5F36 /* Max score distribution.md */; };
		1639ADE4286E04E200E66EC7 /* ZIPFoundation in Frameworks */ = {isa = PBXBuildFile; productRef = 1639ADE3286E04E200E66EC7 /* ZIPFoundation */; };
		1639ADE5286E057600E66EC7 /* main.swift in Sources */ = {isa = PBXBuildFile; fileRef = 1609485A25C3632A001705A6 /* main.swift */; };
		1639ADE7286E09A900E66EC7 /* CSV in Frameworks */ = {isa = PBXBuildFile; productRef = 1639ADE6286E09A900E66EC7 /* CSV */; };
		163CCB7B27DE462000355180 /* Appendix.md in Resources */ = {isa = PBXBuildFile; fileRef = 163CCB7A27DE45B000355180 /* Appendix.md */; };
		163EF28627C91FA800D3C19D /* TopicView.swift in Sources */ = {isa = PBXBuildFile; fileRef = 163EF28527C91FA800D3C19D /* TopicView.swift */; };
		163EF28A27C921FA00D3C19D /* Test.md in Resources */ = {isa = PBXBuildFile; fileRef = 163EF28727C9216800D3C19D /* Test.md */; };
		163EF28B27C921FE00D3C19D /* ENCV.md in Resources */ = {isa = PBXBuildFile; fileRef = 163EF28827C9218A00D3C19D /* ENCV.md */; };
		163EF28C27C9220200D3C19D /* ENPA.md in Resources */ = {isa = PBXBuildFile; fileRef = 163EF28927C9219E00D3C19D /* ENPA.md */; };
		163EF28F27C933C600D3C19D /* User report %.md in Resources */ = {isa = PBXBuildFile; fileRef = 163EF28E27C9330100D3C19D /* User report %.md */; };
		164945A827B6AE5600C0F5F0 /* main.swift in Sources */ = {isa = PBXBuildFile; fileRef = 164945A727B6AE5600C0F5F0 /* main.swift */; };
		164945AC27B6B05300C0F5F0 /* encvAnalysis.swift in Sources */ = {isa = PBXBuildFile; fileRef = 1673F56827B0C0860037D340 /* encvAnalysis.swift */; };
		164945AD27B6B05800C0F5F0 /* configuration.swift in Sources */ = {isa = PBXBuildFile; fileRef = 1673F54027B002B80037D340 /* configuration.swift */; };
		164945AE27B6B05C00C0F5F0 /* TabularData.swift in Sources */ = {isa = PBXBuildFile; fileRef = 1673F56427B0A7C80037D340 /* TabularData.swift */; };
		164945B027B6B17700C0F5F0 /* ArgumentParser in Frameworks */ = {isa = PBXBuildFile; productRef = 164945AF27B6B17700C0F5F0 /* ArgumentParser */; };
		164945B127B6B19F00C0F5F0 /* functionality.swift in Sources */ = {isa = PBXBuildFile; fileRef = 16515AA525C9939200C97BB8 /* functionality.swift */; };
		164945B427B6B1E400C0F5F0 /* FetchENPA.swift in Sources */ = {isa = PBXBuildFile; fileRef = 16F6DAAE27A764A100388B5B /* FetchENPA.swift */; };
		16515AA625C9939200C97BB8 /* functionality.swift in Sources */ = {isa = PBXBuildFile; fileRef = 16515AA525C9939200C97BB8 /* functionality.swift */; };
		16570A1627D2662B00BEAA12 /* AnalysisProgressView.swift in Sources */ = {isa = PBXBuildFile; fileRef = 16570A1527D2662B00BEAA12 /* AnalysisProgressView.swift */; };
		166E89BB28874498009BEFF5 /* Comparison of device received attenuations.md in Resources */ = {isa = PBXBuildFile; fileRef = 166E89BA28874498009BEFF5 /* Comparison of device received attenuations.md */; };
		166E89BC2887452F009BEFF5 /* Attenuation distribution.md in Resources */ = {isa = PBXBuildFile; fileRef = 16216BD82885DCC2008F5F36 /* Attenuation distribution.md */; };
		1670B5352864E1350018A084 /* Invalid code ratios.md in Resources */ = {isa = PBXBuildFile; fileRef = 1670B5342864E1350018A084 /* Invalid code ratios.md */; };
		1673F54127B002B80037D340 /* configuration.swift in Sources */ = {isa = PBXBuildFile; fileRef = 1673F54027B002B80037D340 /* configuration.swift */; };
		1673F54227B002E10037D340 /* configuration.swift in Sources */ = {isa = PBXBuildFile; fileRef = 1673F54027B002B80037D340 /* configuration.swift */; };
		1673F54327B002E10037D340 /* configuration.swift in Sources */ = {isa = PBXBuildFile; fileRef = 1673F54027B002B80037D340 /* configuration.swift */; };
		1673F54B27B07F710037D340 /* GAEN_AnalyticsApp.swift in Sources */ = {isa = PBXBuildFile; fileRef = 1673F54A27B07F710037D340 /* GAEN_AnalyticsApp.swift */; };
		1673F54D27B07F710037D340 /* ContentView.swift in Sources */ = {isa = PBXBuildFile; fileRef = 1673F54C27B07F710037D340 /* ContentView.swift */; };
		1673F54F27B07F730037D340 /* Assets.xcassets in Resources */ = {isa = PBXBuildFile; fileRef = 1673F54E27B07F730037D340 /* Assets.xcassets */; };
		1673F55227B07F730037D340 /* Preview Assets.xcassets in Resources */ = {isa = PBXBuildFile; fileRef = 1673F55127B07F730037D340 /* Preview Assets.xcassets */; };
		1673F55A27B0A4D70037D340 /* AnalysisState.swift in Sources */ = {isa = PBXBuildFile; fileRef = 1673F55727B0A4D70037D340 /* AnalysisState.swift */; };
		1673F55B27B0A4D70037D340 /* ExportView.swift in Sources */ = {isa = PBXBuildFile; fileRef = 1673F55827B0A4D70037D340 /* ExportView.swift */; };
		1673F55C27B0A4D70037D340 /* SetupView.swift in Sources */ = {isa = PBXBuildFile; fileRef = 1673F55627B0A4D60037D340 /* SetupView.swift */; };
		1673F55D27B0A4D70037D340 /* SetupState.swift in Sources */ = {isa = PBXBuildFile; fileRef = 1673F55927B0A4D70037D340 /* SetupState.swift */; };
		1673F55F27B0A57D0037D340 /* FetchENPA.swift in Sources */ = {isa = PBXBuildFile; fileRef = 16F6DAAE27A764A100388B5B /* FetchENPA.swift */; };
		1673F56027B0A5800037D340 /* functionality.swift in Sources */ = {isa = PBXBuildFile; fileRef = 16515AA525C9939200C97BB8 /* functionality.swift */; };
		1673F56127B0A5BA0037D340 /* configuration.swift in Sources */ = {isa = PBXBuildFile; fileRef = 1673F54027B002B80037D340 /* configuration.swift */; };
		1673F56527B0A7C80037D340 /* TabularData.swift in Sources */ = {isa = PBXBuildFile; fileRef = 1673F56427B0A7C80037D340 /* TabularData.swift */; };
		1673F56627B0A8300037D340 /* TabularData.swift in Sources */ = {isa = PBXBuildFile; fileRef = 1673F56427B0A7C80037D340 /* TabularData.swift */; };
		1673F56727B0A8300037D340 /* TabularData.swift in Sources */ = {isa = PBXBuildFile; fileRef = 1673F56427B0A7C80037D340 /* TabularData.swift */; };
		1673F56927B0C0860037D340 /* encvAnalysis.swift in Sources */ = {isa = PBXBuildFile; fileRef = 1673F56827B0C0860037D340 /* encvAnalysis.swift */; };
		1673F56A27B0C0860037D340 /* encvAnalysis.swift in Sources */ = {isa = PBXBuildFile; fileRef = 1673F56827B0C0860037D340 /* encvAnalysis.swift */; };
		1673F56D27B1820B0037D340 /* ApiKeyView.swift in Sources */ = {isa = PBXBuildFile; fileRef = 1673F56C27B1820B0037D340 /* ApiKeyView.swift */; };
		1673F5B827B428A00037D340 /* SummaryView.swift in Sources */ = {isa = PBXBuildFile; fileRef = 1673F5B727B428A00037D340 /* SummaryView.swift */; };
		167C7022299C0F5F00E9571E /* nationalOptin.csv in Resources */ = {isa = PBXBuildFile; fileRef = 167C7021299C0F5F00E9571E /* nationalOptin.csv */; };
		16856E4227BA9F0F00F44960 /* ENXChartView.swift in Sources */ = {isa = PBXBuildFile; fileRef = 16856E4127BA9F0F00F44960 /* ENXChartView.swift */; };
		16856E4427BAA64700F44960 /* ENXLineChart.swift in Sources */ = {isa = PBXBuildFile; fileRef = 16856E4327BAA64700F44960 /* ENXLineChart.swift */; };
		16856E5927BBF34800F44960 /* DocView.swift in Sources */ = {isa = PBXBuildFile; fileRef = 16856E5827BBF34800F44960 /* DocView.swift */; };
		16856E5A27BBF40700F44960 /* about.md in Resources */ = {isa = PBXBuildFile; fileRef = 16856E5727BBF31D00F44960 /* about.md */; };
		16856E5E27BC00F800F44960 /* Notifications per 100K.md in Resources */ = {isa = PBXBuildFile; fileRef = 16856E5B27BBF9CB00F44960 /* Notifications per 100K.md */; };
		16856E6627BC021000F44960 /* ENPA opt in.md in Resources */ = {isa = PBXBuildFile; fileRef = 16856E6527BC01FC00F44960 /* ENPA opt in.md */; };
		16856E6727BC021400F44960 /* claim and consent rates.md in Resources */ = {isa = PBXBuildFile; fileRef = 16856E5F27BC014400F44960 /* claim and consent rates.md */; };
		16856E6827BC021900F44960 /* tokens claimed.md in Resources */ = {isa = PBXBuildFile; fileRef = 16856E6027BC018C00F44960 /* tokens claimed.md */; };
		16856E6927BC021C00F44960 /* System health.md in Resources */ = {isa = PBXBuildFile; fileRef = 16856E6127BC01A300F44960 /* System health.md */; };
		16856E6A27BC021F00F44960 /* Notifications per key upload.md in Resources */ = {isa = PBXBuildFile; fileRef = 16856E6227BC01BB00F44960 /* Notifications per key upload.md */; };
		16856E6B27BC022200F44960 /* Notifications arriving promptly.md in Resources */ = {isa = PBXBuildFile; fileRef = 16856E6327BC01D100F44960 /* Notifications arriving promptly.md */; };
		16856E6C27BC022500F44960 /* Estimated users.md in Resources */ = {isa = PBXBuildFile; fileRef = 16856E6427BC01E700F44960 /* Estimated users.md */; };
		16856E6E27BC62EC00F44960 /* TestView.swift in Sources */ = {isa = PBXBuildFile; fileRef = 16856E6D27BC62EC00F44960 /* TestView.swift */; };
		16856E9927BFEFFA00F44960 /* main.swift in Sources */ = {isa = PBXBuildFile; fileRef = 16856E9827BFEFFA00F44960 /* main.swift */; };
		16856EA327C04EBE00F44960 /* SmokeTest.swift in Sources */ = {isa = PBXBuildFile; fileRef = 16856EA227C04EBE00F44960 /* SmokeTest.swift */; };
		16856EA727C04EEE00F44960 /* functionality.swift in Sources */ = {isa = PBXBuildFile; fileRef = 16515AA525C9939200C97BB8 /* functionality.swift */; };
		16856EA827C04EEE00F44960 /* TabularData.swift in Sources */ = {isa = PBXBuildFile; fileRef = 1673F56427B0A7C80037D340 /* TabularData.swift */; };
		16856EA927C04EEE00F44960 /* FetchENPA.swift in Sources */ = {isa = PBXBuildFile; fileRef = 16F6DAAE27A764A100388B5B /* FetchENPA.swift */; };
		16856EAA27C04EEE00F44960 /* encvAnalysis.swift in Sources */ = {isa = PBXBuildFile; fileRef = 1673F56827B0C0860037D340 /* encvAnalysis.swift */; };
		16856EAB27C04EEE00F44960 /* main.swift in Sources */ = {isa = PBXBuildFile; fileRef = 1609485A25C3632A001705A6 /* main.swift */; };
		16856EAC27C04EEE00F44960 /* configuration.swift in Sources */ = {isa = PBXBuildFile; fileRef = 1673F54027B002B80037D340 /* configuration.swift */; };
		16856EAD27C04F0400F44960 /* AnalysisState.swift in Sources */ = {isa = PBXBuildFile; fileRef = 1673F55727B0A4D70037D340 /* AnalysisState.swift */; };
		16856EAE27C04F0400F44960 /* SetupState.swift in Sources */ = {isa = PBXBuildFile; fileRef = 1673F55927B0A4D70037D340 /* SetupState.swift */; };
		16856EAF27C2F57F00F44960 /* FetchENPA.swift in Sources */ = {isa = PBXBuildFile; fileRef = 16F6DAAE27A764A100388B5B /* FetchENPA.swift */; };
		16856EB027C2F58200F44960 /* functionality.swift in Sources */ = {isa = PBXBuildFile; fileRef = 16515AA525C9939200C97BB8 /* functionality.swift */; };
		16856EB127C2F5BB00F44960 /* configuration.swift in Sources */ = {isa = PBXBuildFile; fileRef = 1673F54027B002B80037D340 /* configuration.swift */; };
		16856EB227C2F70100F44960 /* TabularData.swift in Sources */ = {isa = PBXBuildFile; fileRef = 1673F56427B0A7C80037D340 /* TabularData.swift */; };
		168933ED282952E600A3FDC2 /* Est. scaled notifications per day.md in Resources */ = {isa = PBXBuildFile; fileRef = 168933EC282952D900A3FDC2 /* Est. scaled notifications per day.md */; };
		169205DF28ABD3CB004ADE89 /* Duration summary.md in Resources */ = {isa = PBXBuildFile; fileRef = 169205DE28ABD3CB004ADE89 /* Duration summary.md */; };
		169AAED9286E243B0039CB4E /* unusual tek uploads.md in Resources */ = {isa = PBXBuildFile; fileRef = 169AAED8286E235A0039CB4E /* unusual tek uploads.md */; };
		169FB8592642F0C10082DDD2 /* main.swift in Sources */ = {isa = PBXBuildFile; fileRef = 169FB8582642F0C10082DDD2 /* main.swift */; };
		169FB85E2642F1300082DDD2 /* CSV in Frameworks */ = {isa = PBXBuildFile; productRef = 169FB85D2642F1300082DDD2 /* CSV */; };
		169FB8602642F1360082DDD2 /* ArgumentParser in Frameworks */ = {isa = PBXBuildFile; productRef = 169FB85F2642F1360082DDD2 /* ArgumentParser */; };
		169FB8612642F3E20082DDD2 /* functionality.swift in Sources */ = {isa = PBXBuildFile; fileRef = 16515AA525C9939200C97BB8 /* functionality.swift */; };
		16A292E8282063000068F29B /* ENCV API key.md in Resources */ = {isa = PBXBuildFile; fileRef = 16A292E7282062F40068F29B /* ENCV API key.md */; };
		16A292EB2821C4920068F29B /* privacy policy.md in Resources */ = {isa = PBXBuildFile; fileRef = 16A292EA2821C4920068F29B /* privacy policy.md */; };
		16AA11632625CE59007CA1A7 /* ArgumentParser in Frameworks */ = {isa = PBXBuildFile; productRef = 16AA11622625CE59007CA1A7 /* ArgumentParser */; };
		16AF2DB227E39DCD000B1529 /* Users with notifications.md in Resources */ = {isa = PBXBuildFile; fileRef = 16AF2DB127E39D59000B1529 /* Users with notifications.md */; };
		16AF2DB427E6167B000B1529 /* Notification share.md in Resources */ = {isa = PBXBuildFile; fileRef = 16AF2DB327E61672000B1529 /* Notification share.md */; };
		16B2B5D127D3C35B000F763A /* codes claimed within hour %.md in Resources */ = {isa = PBXBuildFile; fileRef = 16B2B5D027D3C269000F763A /* codes claimed within hour %.md */; };
		16B2B5D327D3C66F000F763A /* avg days onset to upload.md in Resources */ = {isa = PBXBuildFile; fileRef = 16B2B5D227D3C66D000F763A /* avg days onset to upload.md */; };
		16B2B5D927D40DC3000F763A /* Combined ENPA.md in Resources */ = {isa = PBXBuildFile; fileRef = 16B2B5D827D40DB9000F763A /* Combined ENPA.md */; };
		16B2B5DF27D40F7B000F763A /* iOS ENPA.md in Resources */ = {isa = PBXBuildFile; fileRef = 16B2B5DA27D40EC6000F763A /* iOS ENPA.md */; };
		16B2B5E027D40F7D000F763A /* Android ENPA.md in Resources */ = {isa = PBXBuildFile; fileRef = 16B2B5DB27D40ED4000F763A /* Android ENPA.md */; };
		16B2B5E127D40F80000F763A /* ENCV data.md in Resources */ = {isa = PBXBuildFile; fileRef = 16B2B5DC27D40F1B000F763A /* ENCV data.md */; };
		16B2B5E227D40F83000F763A /* ENCV analysis.md in Resources */ = {isa = PBXBuildFile; fileRef = 16B2B5DD27D40F51000F763A /* ENCV analysis.md */; };
		16B2B5E327D40F86000F763A /* combined analysis.md in Resources */ = {isa = PBXBuildFile; fileRef = 16B2B5DE27D40F74000F763A /* combined analysis.md */; };
		16C36C7F291BDD63005B8613 /* durationAnalysis.swift in Sources */ = {isa = PBXBuildFile; fileRef = 16C8995C288E1FF100DA69AC /* durationAnalysis.swift */; };
		16C36C81291BFEAB005B8613 /* Average days until notification.md in Resources */ = {isa = PBXBuildFile; fileRef = 16C36C80291BFEAB005B8613 /* Average days until notification.md */; };
		16C36C83291C0019005B8613 /* Days until notification.md in Resources */ = {isa = PBXBuildFile; fileRef = 16C36C82291BFECB005B8613 /* Days until notification.md */; };
		16C36C88291C0259005B8613 /* Delay between exposure and nt1.md in Resources */ = {isa = PBXBuildFile; fileRef = 16C36C84291C0192005B8613 /* Delay between exposure and nt1.md */; };
		16C36C89291C025D005B8613 /* Delay between exposure and nt2.md in Resources */ = {isa = PBXBuildFile; fileRef = 16C36C85291C021A005B8613 /* Delay between exposure and nt2.md */; };
		16C36C8A291C0263005B8613 /* Delay between exposure and nt3.md in Resources */ = {isa = PBXBuildFile; fileRef = 16C36C86291C022C005B8613 /* Delay between exposure and nt3.md */; };
		16C36C8B291C0266005B8613 /* Delay between exposure and.md in Resources */ = {isa = PBXBuildFile; fileRef = 16C36C87291C023A005B8613 /* Delay between exposure and.md */; };
		16C381D627E2216F0008863F /* Secondary attack rate 1.md in Resources */ = {isa = PBXBuildFile; fileRef = 16C381D527E220730008863F /* Secondary attack rate 1.md */; };
		16C381DA27E221C80008863F /* Secondary attack rate 2.md in Resources */ = {isa = PBXBuildFile; fileRef = 16C381D727E221A50008863F /* Secondary attack rate 2.md */; };
		16C381DB27E221CB0008863F /* Secondary attack rate 3.md in Resources */ = {isa = PBXBuildFile; fileRef = 16C381D827E221B60008863F /* Secondary attack rate 3.md */; };
		16C381DC27E221CE0008863F /* Secondary attack rate 4.md in Resources */ = {isa = PBXBuildFile; fileRef = 16C381D927E221C20008863F /* Secondary attack rate 4.md */; };
		16C5E4D927C689CD007527FC /* RawExportView.swift in Sources */ = {isa = PBXBuildFile; fileRef = 16C5E4D827C689CD007527FC /* RawExportView.swift */; };
		16C5E4DD27C7C5FA007527FC /* ZipFunctionality.swift in Sources */ = {isa = PBXBuildFile; fileRef = 16C5E4DC27C7C5FA007527FC /* ZipFunctionality.swift */; };
		16C5E4DF27C7C62D007527FC /* ZipFunctionality.swift in Sources */ = {isa = PBXBuildFile; fileRef = 16C5E4DC27C7C5FA007527FC /* ZipFunctionality.swift */; };
		16C8995D288E1FF100DA69AC /* durationAnalysis.swift in Sources */ = {isa = PBXBuildFile; fileRef = 16C8995C288E1FF100DA69AC /* durationAnalysis.swift */; };
		16D2A0A8293E427900381499 /* Percentage of positive users who had received exposure notifications.md in Resources */ = {isa = PBXBuildFile; fileRef = 16D2A0A7293E408200381499 /* Percentage of positive users who had received exposure notifications.md */; };
		16D7B5E226237CEE00D09126 /* main.swift in Sources */ = {isa = PBXBuildFile; fileRef = 16D7B5E126237CEE00D09126 /* main.swift */; };
		16DC0F022623908F0023AF49 /* functionality.swift in Sources */ = {isa = PBXBuildFile; fileRef = 16515AA525C9939200C97BB8 /* functionality.swift */; };
		16DC0F05262391EF0023AF49 /* CSV in Frameworks */ = {isa = PBXBuildFile; productRef = 16DC0F04262391EF0023AF49 /* CSV */; };
		16DEAB4127D65A4600069680 /* testServers.json in Resources */ = {isa = PBXBuildFile; fileRef = 16DEAB3F27D6537300069680 /* testServers.json */; };
		16E8AAF628A4447B009EC1F0 /* ENPA API key.md in Resources */ = {isa = PBXBuildFile; fileRef = 16A292E9282063160068F29B /* ENPA API key.md */; };
		16F6DAAF27A764A100388B5B /* FetchENPA.swift in Sources */ = {isa = PBXBuildFile; fileRef = 16F6DAAE27A764A100388B5B /* FetchENPA.swift */; };
		16F6DAB027A76C1500388B5B /* FetchENPA.swift in Sources */ = {isa = PBXBuildFile; fileRef = 16F6DAAE27A764A100388B5B /* FetchENPA.swift */; };
/* End PBXBuildFile section */

/* Begin PBXContainerItemProxy section */
		16C5E4DA27C7C511007527FC /* PBXContainerItemProxy */ = {
			isa = PBXContainerItemProxy;
			containerPortal = 1609484F25C3632A001705A6 /* Project object */;
			proxyType = 1;
			remoteGlobalIDString = 1673F54727B07F710037D340;
			remoteInfo = "GAEN Analytics";
		};
/* End PBXContainerItemProxy section */

/* Begin PBXCopyFilesBuildPhase section */
		1609485525C3632A001705A6 /* CopyFiles */ = {
			isa = PBXCopyFilesBuildPhase;
			buildActionMask = 2147483647;
			dstPath = /usr/share/man/man1/;
			dstSubfolderSpec = 0;
			files = (
			);
			runOnlyForDeploymentPostprocessing = 1;
		};
		164945A327B6AE5600C0F5F0 /* CopyFiles */ = {
			isa = PBXCopyFilesBuildPhase;
			buildActionMask = 2147483647;
			dstPath = /usr/share/man/man1/;
			dstSubfolderSpec = 0;
			files = (
			);
			runOnlyForDeploymentPostprocessing = 1;
		};
		16856E8C27BFEE4600F44960 /* CopyFiles */ = {
			isa = PBXCopyFilesBuildPhase;
			buildActionMask = 2147483647;
			dstPath = /usr/share/man/man1/;
			dstSubfolderSpec = 0;
			files = (
			);
			runOnlyForDeploymentPostprocessing = 1;
		};
		169FB8542642F0C10082DDD2 /* CopyFiles */ = {
			isa = PBXCopyFilesBuildPhase;
			buildActionMask = 2147483647;
			dstPath = /usr/share/man/man1/;
			dstSubfolderSpec = 0;
			files = (
			);
			runOnlyForDeploymentPostprocessing = 1;
		};
		16D7B5DD26237CEE00D09126 /* CopyFiles */ = {
			isa = PBXCopyFilesBuildPhase;
			buildActionMask = 2147483647;
			dstPath = /usr/share/man/man1/;
			dstSubfolderSpec = 0;
			files = (
			);
			runOnlyForDeploymentPostprocessing = 1;
		};
/* End PBXCopyFilesBuildPhase section */

/* Begin PBXFileReference section */
		1609485725C3632A001705A6 /* AnalyticsAnalyzer */ = {isa = PBXFileReference; explicitFileType = "compiled.mach-o.executable"; includeInIndex = 0; path = AnalyticsAnalyzer; sourceTree = BUILT_PRODUCTS_DIR; };
		1609485A25C3632A001705A6 /* main.swift */ = {isa = PBXFileReference; lastKnownFileType = sourcecode.swift; path = main.swift; sourceTree = "<group>"; };
		1615FA5027EE092F0089F0B6 /* Publish requests.md */ = {isa = PBXFileReference; lastKnownFileType = net.daringfireball.markdown; path = "Publish requests.md"; sourceTree = "<group>"; };
		1615FA5327EE09810089F0B6 /* Excess secondary attack rate 1.md */ = {isa = PBXFileReference; lastKnownFileType = net.daringfireball.markdown; path = "Excess secondary attack rate 1.md"; sourceTree = "<group>"; };
		1615FA5527EE09990089F0B6 /* Excess secondary attack rate 2.md */ = {isa = PBXFileReference; lastKnownFileType = net.daringfireball.markdown; path = "Excess secondary attack rate 2.md"; sourceTree = "<group>"; };
		1615FA5627EE09B10089F0B6 /* Excess secondary attack rate 3.md */ = {isa = PBXFileReference; lastKnownFileType = net.daringfireball.markdown; path = "Excess secondary attack rate 3.md"; sourceTree = "<group>"; };
		1615FA5827EE09CB0089F0B6 /* Excess secondary attack rate 4.md */ = {isa = PBXFileReference; lastKnownFileType = net.daringfireball.markdown; path = "Excess secondary attack rate 4.md"; sourceTree = "<group>"; };
		161A123427DA3CE50026C53D /* Secondary attack rate.md */ = {isa = PBXFileReference; lastKnownFileType = net.daringfireball.markdown; path = "Secondary attack rate.md"; sourceTree = "<group>"; };
		16216BD02885D0E9008F5F36 /* Encounter detected in past 14 days.md */ = {isa = PBXFileReference; lastKnownFileType = net.daringfireball.markdown; path = "Encounter detected in past 14 days.md"; sourceTree = "<group>"; };
		16216BD12885D107008F5F36 /* Weighted duration distribution.md */ = {isa = PBXFileReference; lastKnownFileType = net.daringfireball.markdown; path = "Weighted duration distribution.md"; sourceTree = "<group>"; };
		16216BD42885D129008F5F36 /* Sum score distribution.md */ = {isa = PBXFileReference; lastKnownFileType = net.daringfireball.markdown; path = "Sum score distribution.md"; sourceTree = "<group>"; };
		16216BD62885D145008F5F36 /* Max score distribution.md */ = {isa = PBXFileReference; lastKnownFileType = net.daringfireball.markdown; path = "Max score distribution.md"; sourceTree = "<group>"; };
		16216BD82885DCC2008F5F36 /* Attenuation distribution.md */ = {isa = PBXFileReference; lastKnownFileType = net.daringfireball.markdown; path = "Attenuation distribution.md"; sourceTree = "<group>"; };
		163CCB7A27DE45B000355180 /* Appendix.md */ = {isa = PBXFileReference; lastKnownFileType = net.daringfireball.markdown; path = Appendix.md; sourceTree = "<group>"; };
		163EF28527C91FA800D3C19D /* TopicView.swift */ = {isa = PBXFileReference; lastKnownFileType = sourcecode.swift; path = TopicView.swift; sourceTree = "<group>"; };
		163EF28727C9216800D3C19D /* Test.md */ = {isa = PBXFileReference; lastKnownFileType = net.daringfireball.markdown; path = Test.md; sourceTree = "<group>"; };
		163EF28827C9218A00D3C19D /* ENCV.md */ = {isa = PBXFileReference; lastKnownFileType = net.daringfireball.markdown; path = ENCV.md; sourceTree = "<group>"; };
		163EF28927C9219E00D3C19D /* ENPA.md */ = {isa = PBXFileReference; lastKnownFileType = net.daringfireball.markdown; path = ENPA.md; sourceTree = "<group>"; };
		163EF28E27C9330100D3C19D /* User report %.md */ = {isa = PBXFileReference; lastKnownFileType = net.daringfireball.markdown; path = "User report %.md"; sourceTree = "<group>"; };
		164945A527B6AE5600C0F5F0 /* encvTool */ = {isa = PBXFileReference; explicitFileType = "compiled.mach-o.executable"; includeInIndex = 0; path = encvTool; sourceTree = BUILT_PRODUCTS_DIR; };
		164945A727B6AE5600C0F5F0 /* main.swift */ = {isa = PBXFileReference; lastKnownFileType = sourcecode.swift; path = main.swift; sourceTree = "<group>"; };
		16515AA525C9939200C97BB8 /* functionality.swift */ = {isa = PBXFileReference; lastKnownFileType = sourcecode.swift; path = functionality.swift; sourceTree = "<group>"; };
		16570A1527D2662B00BEAA12 /* AnalysisProgressView.swift */ = {isa = PBXFileReference; lastKnownFileType = sourcecode.swift; path = AnalysisProgressView.swift; sourceTree = "<group>"; };
		166E89BA28874498009BEFF5 /* Comparison of device received attenuations.md */ = {isa = PBXFileReference; lastKnownFileType = net.daringfireball.markdown; path = "Comparison of device received attenuations.md"; sourceTree = "<group>"; };
		1670B5342864E1350018A084 /* Invalid code ratios.md */ = {isa = PBXFileReference; lastKnownFileType = net.daringfireball.markdown; path = "Invalid code ratios.md"; sourceTree = "<group>"; };
		1673F54027B002B80037D340 /* configuration.swift */ = {isa = PBXFileReference; lastKnownFileType = sourcecode.swift; path = configuration.swift; sourceTree = "<group>"; };
		1673F54827B07F710037D340 /* GAEN Analytics.app */ = {isa = PBXFileReference; explicitFileType = wrapper.application; includeInIndex = 0; path = "GAEN Analytics.app"; sourceTree = BUILT_PRODUCTS_DIR; };
		1673F54A27B07F710037D340 /* GAEN_AnalyticsApp.swift */ = {isa = PBXFileReference; lastKnownFileType = sourcecode.swift; path = GAEN_AnalyticsApp.swift; sourceTree = "<group>"; };
		1673F54C27B07F710037D340 /* ContentView.swift */ = {isa = PBXFileReference; lastKnownFileType = sourcecode.swift; path = ContentView.swift; sourceTree = "<group>"; };
		1673F54E27B07F730037D340 /* Assets.xcassets */ = {isa = PBXFileReference; lastKnownFileType = folder.assetcatalog; path = Assets.xcassets; sourceTree = "<group>"; };
		1673F55127B07F730037D340 /* Preview Assets.xcassets */ = {isa = PBXFileReference; lastKnownFileType = folder.assetcatalog; path = "Preview Assets.xcassets"; sourceTree = "<group>"; };
		1673F55627B0A4D60037D340 /* SetupView.swift */ = {isa = PBXFileReference; lastKnownFileType = sourcecode.swift; path = SetupView.swift; sourceTree = "<group>"; };
		1673F55727B0A4D70037D340 /* AnalysisState.swift */ = {isa = PBXFileReference; lastKnownFileType = sourcecode.swift; path = AnalysisState.swift; sourceTree = "<group>"; };
		1673F55827B0A4D70037D340 /* ExportView.swift */ = {isa = PBXFileReference; lastKnownFileType = sourcecode.swift; path = ExportView.swift; sourceTree = "<group>"; };
		1673F55927B0A4D70037D340 /* SetupState.swift */ = {isa = PBXFileReference; lastKnownFileType = sourcecode.swift; path = SetupState.swift; sourceTree = "<group>"; };
		1673F56427B0A7C80037D340 /* TabularData.swift */ = {isa = PBXFileReference; lastKnownFileType = sourcecode.swift; path = TabularData.swift; sourceTree = "<group>"; };
		1673F56827B0C0860037D340 /* encvAnalysis.swift */ = {isa = PBXFileReference; lastKnownFileType = sourcecode.swift; path = encvAnalysis.swift; sourceTree = "<group>"; };
		1673F56C27B1820B0037D340 /* ApiKeyView.swift */ = {isa = PBXFileReference; lastKnownFileType = sourcecode.swift; path = ApiKeyView.swift; sourceTree = "<group>"; };
		1673F5B627B424AC0037D340 /* GAEN Analytics.entitlements */ = {isa = PBXFileReference; lastKnownFileType = text.plist.entitlements; path = "GAEN Analytics.entitlements"; sourceTree = "<group>"; };
		1673F5B727B428A00037D340 /* SummaryView.swift */ = {isa = PBXFileReference; lastKnownFileType = sourcecode.swift; path = SummaryView.swift; sourceTree = "<group>"; };
		167C7021299C0F5F00E9571E /* nationalOptin.csv */ = {isa = PBXFileReference; lastKnownFileType = text; path = nationalOptin.csv; sourceTree = "<group>"; };
		16856E4127BA9F0F00F44960 /* ENXChartView.swift */ = {isa = PBXFileReference; lastKnownFileType = sourcecode.swift; path = ENXChartView.swift; sourceTree = "<group>"; };
		16856E4327BAA64700F44960 /* ENXLineChart.swift */ = {isa = PBXFileReference; lastKnownFileType = sourcecode.swift; path = ENXLineChart.swift; sourceTree = "<group>"; };
		16856E5727BBF31D00F44960 /* about.md */ = {isa = PBXFileReference; lastKnownFileType = net.daringfireball.markdown; path = about.md; sourceTree = "<group>"; };
		16856E5827BBF34800F44960 /* DocView.swift */ = {isa = PBXFileReference; lastKnownFileType = sourcecode.swift; path = DocView.swift; sourceTree = "<group>"; };
		16856E5B27BBF9CB00F44960 /* Notifications per 100K.md */ = {isa = PBXFileReference; lastKnownFileType = net.daringfireball.markdown; path = "Notifications per 100K.md"; sourceTree = "<group>"; };
		16856E5F27BC014400F44960 /* claim and consent rates.md */ = {isa = PBXFileReference; lastKnownFileType = net.daringfireball.markdown; path = "claim and consent rates.md"; sourceTree = "<group>"; };
		16856E6027BC018C00F44960 /* tokens claimed.md */ = {isa = PBXFileReference; lastKnownFileType = net.daringfireball.markdown; path = "tokens claimed.md"; sourceTree = "<group>"; };
		16856E6127BC01A300F44960 /* System health.md */ = {isa = PBXFileReference; lastKnownFileType = net.daringfireball.markdown; path = "System health.md"; sourceTree = "<group>"; };
		16856E6227BC01BB00F44960 /* Notifications per key upload.md */ = {isa = PBXFileReference; lastKnownFileType = net.daringfireball.markdown; path = "Notifications per key upload.md"; sourceTree = "<group>"; };
		16856E6327BC01D100F44960 /* Notifications arriving promptly.md */ = {isa = PBXFileReference; lastKnownFileType = net.daringfireball.markdown; path = "Notifications arriving promptly.md"; sourceTree = "<group>"; };
		16856E6427BC01E700F44960 /* Estimated users.md */ = {isa = PBXFileReference; lastKnownFileType = net.daringfireball.markdown; path = "Estimated users.md"; sourceTree = "<group>"; };
		16856E6527BC01FC00F44960 /* ENPA opt in.md */ = {isa = PBXFileReference; lastKnownFileType = net.daringfireball.markdown; path = "ENPA opt in.md"; sourceTree = "<group>"; };
		16856E6D27BC62EC00F44960 /* TestView.swift */ = {isa = PBXFileReference; lastKnownFileType = sourcecode.swift; path = TestView.swift; sourceTree = "<group>"; };
		16856E8E27BFEE4600F44960 /* AnalyticsPlayground */ = {isa = PBXFileReference; explicitFileType = "compiled.mach-o.executable"; includeInIndex = 0; path = AnalyticsPlayground; sourceTree = BUILT_PRODUCTS_DIR; };
		16856E9827BFEFFA00F44960 /* main.swift */ = {isa = PBXFileReference; lastKnownFileType = sourcecode.swift; path = main.swift; sourceTree = "<group>"; };
		16856EA027C04EBE00F44960 /* SmokeTest.xctest */ = {isa = PBXFileReference; explicitFileType = wrapper.cfbundle; includeInIndex = 0; path = SmokeTest.xctest; sourceTree = BUILT_PRODUCTS_DIR; };
		16856EA227C04EBE00F44960 /* SmokeTest.swift */ = {isa = PBXFileReference; lastKnownFileType = sourcecode.swift; path = SmokeTest.swift; sourceTree = "<group>"; };
		168933EC282952D900A3FDC2 /* Est. scaled notifications per day.md */ = {isa = PBXFileReference; lastKnownFileType = net.daringfireball.markdown; path = "Est. scaled notifications per day.md"; sourceTree = "<group>"; };
		169205DE28ABD3CB004ADE89 /* Duration summary.md */ = {isa = PBXFileReference; lastKnownFileType = net.daringfireball.markdown; path = "Duration summary.md"; sourceTree = "<group>"; };
		169AAED8286E235A0039CB4E /* unusual tek uploads.md */ = {isa = PBXFileReference; lastKnownFileType = net.daringfireball.markdown; path = "unusual tek uploads.md"; sourceTree = "<group>"; };
		169FB8562642F0C10082DDD2 /* AnalyticsTool */ = {isa = PBXFileReference; explicitFileType = "compiled.mach-o.executable"; includeInIndex = 0; path = AnalyticsTool; sourceTree = BUILT_PRODUCTS_DIR; };
		169FB8582642F0C10082DDD2 /* main.swift */ = {isa = PBXFileReference; lastKnownFileType = sourcecode.swift; path = main.swift; sourceTree = "<group>"; };
		16A292E7282062F40068F29B /* ENCV API key.md */ = {isa = PBXFileReference; lastKnownFileType = net.daringfireball.markdown; path = "ENCV API key.md"; sourceTree = "<group>"; };
		16A292E9282063160068F29B /* ENPA API key.md */ = {isa = PBXFileReference; lastKnownFileType = net.daringfireball.markdown; path = "ENPA API key.md"; sourceTree = "<group>"; };
		16A292EA2821C4920068F29B /* privacy policy.md */ = {isa = PBXFileReference; lastKnownFileType = net.daringfireball.markdown; path = "privacy policy.md"; sourceTree = "<group>"; };
		16AF2DB127E39D59000B1529 /* Users with notifications.md */ = {isa = PBXFileReference; lastKnownFileType = net.daringfireball.markdown; path = "Users with notifications.md"; sourceTree = "<group>"; };
		16AF2DB327E61672000B1529 /* Notification share.md */ = {isa = PBXFileReference; lastKnownFileType = net.daringfireball.markdown; path = "Notification share.md"; sourceTree = "<group>"; };
		16B2B5D027D3C269000F763A /* codes claimed within hour %.md */ = {isa = PBXFileReference; lastKnownFileType = net.daringfireball.markdown; path = "codes claimed within hour %.md"; sourceTree = "<group>"; };
		16B2B5D227D3C66D000F763A /* avg days onset to upload.md */ = {isa = PBXFileReference; lastKnownFileType = net.daringfireball.markdown; path = "avg days onset to upload.md"; sourceTree = "<group>"; };
		16B2B5D827D40DB9000F763A /* Combined ENPA.md */ = {isa = PBXFileReference; lastKnownFileType = net.daringfireball.markdown; path = "Combined ENPA.md"; sourceTree = "<group>"; };
		16B2B5DA27D40EC6000F763A /* iOS ENPA.md */ = {isa = PBXFileReference; lastKnownFileType = net.daringfireball.markdown; path = "iOS ENPA.md"; sourceTree = "<group>"; };
		16B2B5DB27D40ED4000F763A /* Android ENPA.md */ = {isa = PBXFileReference; lastKnownFileType = net.daringfireball.markdown; path = "Android ENPA.md"; sourceTree = "<group>"; };
		16B2B5DC27D40F1B000F763A /* ENCV data.md */ = {isa = PBXFileReference; lastKnownFileType = net.daringfireball.markdown; path = "ENCV data.md"; sourceTree = "<group>"; };
		16B2B5DD27D40F51000F763A /* ENCV analysis.md */ = {isa = PBXFileReference; lastKnownFileType = net.daringfireball.markdown; path = "ENCV analysis.md"; sourceTree = "<group>"; };
		16B2B5DE27D40F74000F763A /* combined analysis.md */ = {isa = PBXFileReference; lastKnownFileType = net.daringfireball.markdown; path = "combined analysis.md"; sourceTree = "<group>"; };
		16C36C80291BFEAB005B8613 /* Average days until notification.md */ = {isa = PBXFileReference; lastKnownFileType = net.daringfireball.markdown; path = "Average days until notification.md"; sourceTree = "<group>"; };
		16C36C82291BFECB005B8613 /* Days until notification.md */ = {isa = PBXFileReference; lastKnownFileType = net.daringfireball.markdown; path = "Days until notification.md"; sourceTree = "<group>"; };
		16C36C84291C0192005B8613 /* Delay between exposure and nt1.md */ = {isa = PBXFileReference; lastKnownFileType = net.daringfireball.markdown; path = "Delay between exposure and nt1.md"; sourceTree = "<group>"; };
		16C36C85291C021A005B8613 /* Delay between exposure and nt2.md */ = {isa = PBXFileReference; lastKnownFileType = net.daringfireball.markdown; path = "Delay between exposure and nt2.md"; sourceTree = "<group>"; };
		16C36C86291C022C005B8613 /* Delay between exposure and nt3.md */ = {isa = PBXFileReference; lastKnownFileType = net.daringfireball.markdown; path = "Delay between exposure and nt3.md"; sourceTree = "<group>"; };
		16C36C87291C023A005B8613 /* Delay between exposure and.md */ = {isa = PBXFileReference; lastKnownFileType = net.daringfireball.markdown; path = "Delay between exposure and.md"; sourceTree = "<group>"; };
		16C381D527E220730008863F /* Secondary attack rate 1.md */ = {isa = PBXFileReference; lastKnownFileType = net.daringfireball.markdown; path = "Secondary attack rate 1.md"; sourceTree = "<group>"; };
		16C381D727E221A50008863F /* Secondary attack rate 2.md */ = {isa = PBXFileReference; lastKnownFileType = net.daringfireball.markdown; path = "Secondary attack rate 2.md"; sourceTree = "<group>"; };
		16C381D827E221B60008863F /* Secondary attack rate 3.md */ = {isa = PBXFileReference; lastKnownFileType = net.daringfireball.markdown; path = "Secondary attack rate 3.md"; sourceTree = "<group>"; };
		16C381D927E221C20008863F /* Secondary attack rate 4.md */ = {isa = PBXFileReference; lastKnownFileType = net.daringfireball.markdown; path = "Secondary attack rate 4.md"; sourceTree = "<group>"; };
		16C5E4D827C689CD007527FC /* RawExportView.swift */ = {isa = PBXFileReference; lastKnownFileType = sourcecode.swift; path = RawExportView.swift; sourceTree = "<group>"; };
		16C5E4DC27C7C5FA007527FC /* ZipFunctionality.swift */ = {isa = PBXFileReference; lastKnownFileType = sourcecode.swift; path = ZipFunctionality.swift; sourceTree = "<group>"; };
		16C8995C288E1FF100DA69AC /* durationAnalysis.swift */ = {isa = PBXFileReference; lastKnownFileType = sourcecode.swift; path = durationAnalysis.swift; sourceTree = "<group>"; };
		16D2A0A7293E408200381499 /* Percentage of positive users who had received exposure notifications.md */ = {isa = PBXFileReference; lastKnownFileType = net.daringfireball.markdown; path = "Percentage of positive users who had received exposure notifications.md"; sourceTree = "<group>"; };
		16D7B5DF26237CEE00D09126 /* CheckUserRisk */ = {isa = PBXFileReference; explicitFileType = "compiled.mach-o.executable"; includeInIndex = 0; path = CheckUserRisk; sourceTree = BUILT_PRODUCTS_DIR; };
		16D7B5E126237CEE00D09126 /* main.swift */ = {isa = PBXFileReference; lastKnownFileType = sourcecode.swift; path = main.swift; sourceTree = "<group>"; };
		16DEAB3927D64DC000069680 /* README.md */ = {isa = PBXFileReference; fileEncoding = 4; lastKnownFileType = net.daringfireball.markdown; path = README.md; sourceTree = "<group>"; };
		16DEAB3F27D6537300069680 /* testServers.json */ = {isa = PBXFileReference; fileEncoding = 4; lastKnownFileType = text.json; path = testServers.json; sourceTree = "<group>"; };
		16F6DAAE27A764A100388B5B /* FetchENPA.swift */ = {isa = PBXFileReference; lastKnownFileType = sourcecode.swift; path = FetchENPA.swift; sourceTree = "<group>"; };
/* End PBXFileReference section */

/* Begin PBXFrameworksBuildPhase section */
		1609485425C3632A001705A6 /* Frameworks */ = {
			isa = PBXFrameworksBuildPhase;
			buildActionMask = 2147483647;
			files = (
				1639ADE4286E04E200E66EC7 /* ZIPFoundation in Frameworks */,
				1639ADE7286E09A900E66EC7 /* CSV in Frameworks */,
			);
			runOnlyForDeploymentPostprocessing = 0;
		};
		164945A227B6AE5600C0F5F0 /* Frameworks */ = {
			isa = PBXFrameworksBuildPhase;
			buildActionMask = 2147483647;
			files = (
				164945B027B6B17700C0F5F0 /* ArgumentParser in Frameworks */,
			);
			runOnlyForDeploymentPostprocessing = 0;
		};
		1673F54527B07F710037D340 /* Frameworks */ = {
			isa = PBXFrameworksBuildPhase;
			buildActionMask = 2147483647;
			files = (
				1615FA4C27EE041F0089F0B6 /* Charts in Frameworks */,
				1615FA4F27EE04390089F0B6 /* ZIPFoundation in Frameworks */,
			);
			runOnlyForDeploymentPostprocessing = 0;
		};
		16856E8B27BFEE4600F44960 /* Frameworks */ = {
			isa = PBXFrameworksBuildPhase;
			buildActionMask = 2147483647;
			files = (
			);
			runOnlyForDeploymentPostprocessing = 0;
		};
		16856E9D27C04EBE00F44960 /* Frameworks */ = {
			isa = PBXFrameworksBuildPhase;
			buildActionMask = 2147483647;
			files = (
			);
			runOnlyForDeploymentPostprocessing = 0;
		};
		169FB8532642F0C10082DDD2 /* Frameworks */ = {
			isa = PBXFrameworksBuildPhase;
			buildActionMask = 2147483647;
			files = (
				169FB8602642F1360082DDD2 /* ArgumentParser in Frameworks */,
				169FB85E2642F1300082DDD2 /* CSV in Frameworks */,
			);
			runOnlyForDeploymentPostprocessing = 0;
		};
		16D7B5DC26237CEE00D09126 /* Frameworks */ = {
			isa = PBXFrameworksBuildPhase;
			buildActionMask = 2147483647;
			files = (
				16AA11632625CE59007CA1A7 /* ArgumentParser in Frameworks */,
				16DC0F05262391EF0023AF49 /* CSV in Frameworks */,
			);
			runOnlyForDeploymentPostprocessing = 0;
		};
/* End PBXFrameworksBuildPhase section */

/* Begin PBXGroup section */
		1609484E25C3632A001705A6 = {
			isa = PBXGroup;
			children = (
				16DEAB3927D64DC000069680 /* README.md */,
				16A292EA2821C4920068F29B /* privacy policy.md */,
				1609485925C3632A001705A6 /* AnalyticsAnalyzer */,
				1673F54927B07F710037D340 /* GAEN Analytics */,
				169FB8572642F0C10082DDD2 /* AnalyticsTool */,
				164945A627B6AE5600C0F5F0 /* encvTool */,
				16856E8F27BFEE4600F44960 /* AnalyticsPlayground */,
				16D7B5E026237CEE00D09126 /* CheckUserRisk */,
				16856EA127C04EBE00F44960 /* SmokeTest */,
				16DEAB3D27D652C600069680 /* Resources */,
				1609485825C3632A001705A6 /* Products */,
				16DC0F03262391EF0023AF49 /* Frameworks */,
			);
			sourceTree = "<group>";
		};
		1609485825C3632A001705A6 /* Products */ = {
			isa = PBXGroup;
			children = (
				1609485725C3632A001705A6 /* AnalyticsAnalyzer */,
				16D7B5DF26237CEE00D09126 /* CheckUserRisk */,
				169FB8562642F0C10082DDD2 /* AnalyticsTool */,
				1673F54827B07F710037D340 /* GAEN Analytics.app */,
				164945A527B6AE5600C0F5F0 /* encvTool */,
				16856E8E27BFEE4600F44960 /* AnalyticsPlayground */,
				16856EA027C04EBE00F44960 /* SmokeTest.xctest */,
			);
			name = Products;
			sourceTree = "<group>";
		};
		1609485925C3632A001705A6 /* AnalyticsAnalyzer */ = {
			isa = PBXGroup;
			children = (
				1609485A25C3632A001705A6 /* main.swift */,
				16515AA525C9939200C97BB8 /* functionality.swift */,
				16C5E4DC27C7C5FA007527FC /* ZipFunctionality.swift */,
				1673F56827B0C0860037D340 /* encvAnalysis.swift */,
				16F6DAAE27A764A100388B5B /* FetchENPA.swift */,
				1673F54027B002B80037D340 /* configuration.swift */,
				1673F56427B0A7C80037D340 /* TabularData.swift */,
				16C8995C288E1FF100DA69AC /* durationAnalysis.swift */,
			);
			path = AnalyticsAnalyzer;
			sourceTree = "<group>";
		};
		164945A627B6AE5600C0F5F0 /* encvTool */ = {
			isa = PBXGroup;
			children = (
				164945A727B6AE5600C0F5F0 /* main.swift */,
			);
			path = encvTool;
			sourceTree = "<group>";
		};
		1673F54927B07F710037D340 /* GAEN Analytics */ = {
			isa = PBXGroup;
			children = (
				16856E5627BBF30300F44960 /* docs */,
				1673F5B627B424AC0037D340 /* GAEN Analytics.entitlements */,
				1673F54A27B07F710037D340 /* GAEN_AnalyticsApp.swift */,
				1673F54C27B07F710037D340 /* ContentView.swift */,
				163EF28527C91FA800D3C19D /* TopicView.swift */,
				16856E6D27BC62EC00F44960 /* TestView.swift */,
				1673F56C27B1820B0037D340 /* ApiKeyView.swift */,
				1673F55727B0A4D70037D340 /* AnalysisState.swift */,
				16570A1527D2662B00BEAA12 /* AnalysisProgressView.swift */,
				1673F55827B0A4D70037D340 /* ExportView.swift */,
				16C5E4D827C689CD007527FC /* RawExportView.swift */,
				1673F55927B0A4D70037D340 /* SetupState.swift */,
				1673F55627B0A4D60037D340 /* SetupView.swift */,
				1673F5B727B428A00037D340 /* SummaryView.swift */,
				16856E4127BA9F0F00F44960 /* ENXChartView.swift */,
				16856E4327BAA64700F44960 /* ENXLineChart.swift */,
				16856E5827BBF34800F44960 /* DocView.swift */,
				1673F54E27B07F730037D340 /* Assets.xcassets */,
				1673F55027B07F730037D340 /* Preview Content */,
			);
			path = "GAEN Analytics";
			sourceTree = "<group>";
		};
		1673F55027B07F730037D340 /* Preview Content */ = {
			isa = PBXGroup;
			children = (
				1673F55127B07F730037D340 /* Preview Assets.xcassets */,
			);
			path = "Preview Content";
			sourceTree = "<group>";
		};
		16856E5627BBF30300F44960 /* docs */ = {
			isa = PBXGroup;
			children = (
				16856E5727BBF31D00F44960 /* about.md */,
				16B2B5D627D40D85000F763A /* ENCV charts */,
				16B2B5D727D40D9A000F763A /* ENPA charts */,
				163EF28727C9216800D3C19D /* Test.md */,
				16B2B5E427D5070D000F763A /* Exports */,
				163EF28827C9218A00D3C19D /* ENCV.md */,
				163EF28927C9219E00D3C19D /* ENPA.md */,
				163CCB7A27DE45B000355180 /* Appendix.md */,
				16A292E7282062F40068F29B /* ENCV API key.md */,
				16A292E9282063160068F29B /* ENPA API key.md */,
			);
			path = docs;
			sourceTree = "<group>";
		};
		16856E8F27BFEE4600F44960 /* AnalyticsPlayground */ = {
			isa = PBXGroup;
			children = (
				16856E9827BFEFFA00F44960 /* main.swift */,
			);
			path = AnalyticsPlayground;
			sourceTree = "<group>";
		};
		16856EA127C04EBE00F44960 /* SmokeTest */ = {
			isa = PBXGroup;
			children = (
				16856EA227C04EBE00F44960 /* SmokeTest.swift */,
			);
			path = SmokeTest;
			sourceTree = "<group>";
		};
		169FB8572642F0C10082DDD2 /* AnalyticsTool */ = {
			isa = PBXGroup;
			children = (
				169FB8582642F0C10082DDD2 /* main.swift */,
			);
			path = AnalyticsTool;
			sourceTree = "<group>";
		};
		16B2B5D627D40D85000F763A /* ENCV charts */ = {
			isa = PBXGroup;
			children = (
				16856E5F27BC014400F44960 /* claim and consent rates.md */,
				163EF28E27C9330100D3C19D /* User report %.md */,
				16856E6027BC018C00F44960 /* tokens claimed.md */,
				16B2B5D027D3C269000F763A /* codes claimed within hour %.md */,
				16B2B5D227D3C66D000F763A /* avg days onset to upload.md */,
				16856E6127BC01A300F44960 /* System health.md */,
				1615FA5027EE092F0089F0B6 /* Publish requests.md */,
				1670B5342864E1350018A084 /* Invalid code ratios.md */,
				169AAED8286E235A0039CB4E /* unusual tek uploads.md */,
			);
			path = "ENCV charts";
			sourceTree = "<group>";
		};
		16B2B5D727D40D9A000F763A /* ENPA charts */ = {
			isa = PBXGroup;
			children = (
				16856E5B27BBF9CB00F44960 /* Notifications per 100K.md */,
				16AF2DB327E61672000B1529 /* Notification share.md */,
				16856E6227BC01BB00F44960 /* Notifications per key upload.md */,
				16856E6327BC01D100F44960 /* Notifications arriving promptly.md */,
				16856E6427BC01E700F44960 /* Estimated users.md */,
				16856E6527BC01FC00F44960 /* ENPA opt in.md */,
				161A123427DA3CE50026C53D /* Secondary attack rate.md */,
				16C381D527E220730008863F /* Secondary attack rate 1.md */,
				16C381D727E221A50008863F /* Secondary attack rate 2.md */,
				16C381D827E221B60008863F /* Secondary attack rate 3.md */,
				16C381D927E221C20008863F /* Secondary attack rate 4.md */,
				1615FA5327EE09810089F0B6 /* Excess secondary attack rate 1.md */,
				1615FA5527EE09990089F0B6 /* Excess secondary attack rate 2.md */,
				1615FA5627EE09B10089F0B6 /* Excess secondary attack rate 3.md */,
				1615FA5827EE09CB0089F0B6 /* Excess secondary attack rate 4.md */,
				16AF2DB127E39D59000B1529 /* Users with notifications.md */,
				168933EC282952D900A3FDC2 /* Est. scaled notifications per day.md */,
				16216BD02885D0E9008F5F36 /* Encounter detected in past 14 days.md */,
				16216BD12885D107008F5F36 /* Weighted duration distribution.md */,
				169205DE28ABD3CB004ADE89 /* Duration summary.md */,
				16216BD42885D129008F5F36 /* Sum score distribution.md */,
				16216BD62885D145008F5F36 /* Max score distribution.md */,
				16216BD82885DCC2008F5F36 /* Attenuation distribution.md */,
				166E89BA28874498009BEFF5 /* Comparison of device received attenuations.md */,
				16C36C80291BFEAB005B8613 /* Average days until notification.md */,
				16C36C82291BFECB005B8613 /* Days until notification.md */,
				16C36C84291C0192005B8613 /* Delay between exposure and nt1.md */,
				16C36C85291C021A005B8613 /* Delay between exposure and nt2.md */,
				16C36C86291C022C005B8613 /* Delay between exposure and nt3.md */,
				16C36C87291C023A005B8613 /* Delay between exposure and.md */,
				16D2A0A7293E408200381499 /* Percentage of positive users who had received exposure notifications.md */,
			);
			path = "ENPA charts";
			sourceTree = "<group>";
		};
		16B2B5E427D5070D000F763A /* Exports */ = {
			isa = PBXGroup;
			children = (
				16B2B5D827D40DB9000F763A /* Combined ENPA.md */,
				16B2B5DA27D40EC6000F763A /* iOS ENPA.md */,
				16B2B5DB27D40ED4000F763A /* Android ENPA.md */,
				16B2B5DC27D40F1B000F763A /* ENCV data.md */,
				16B2B5DD27D40F51000F763A /* ENCV analysis.md */,
				16B2B5DE27D40F74000F763A /* combined analysis.md */,
			);
			path = Exports;
			sourceTree = "<group>";
		};
		16D7B5E026237CEE00D09126 /* CheckUserRisk */ = {
			isa = PBXGroup;
			children = (
				16D7B5E126237CEE00D09126 /* main.swift */,
			);
			path = CheckUserRisk;
			sourceTree = "<group>";
		};
		16DC0F03262391EF0023AF49 /* Frameworks */ = {
			isa = PBXGroup;
			children = (
			);
			name = Frameworks;
			sourceTree = "<group>";
		};
		16DEAB3D27D652C600069680 /* Resources */ = {
			isa = PBXGroup;
			children = (
				16DEAB3F27D6537300069680 /* testServers.json */,
				167C7021299C0F5F00E9571E /* nationalOptin.csv */,
			);
			path = Resources;
			sourceTree = "<group>";
		};
/* End PBXGroup section */

/* Begin PBXNativeTarget section */
		1609485625C3632A001705A6 /* AnalyticsAnalyzer */ = {
			isa = PBXNativeTarget;
			buildConfigurationList = 1609485E25C3632A001705A6 /* Build configuration list for PBXNativeTarget "AnalyticsAnalyzer" */;
			buildPhases = (
				1609485325C3632A001705A6 /* Sources */,
				1609485425C3632A001705A6 /* Frameworks */,
				1609485525C3632A001705A6 /* CopyFiles */,
			);
			buildRules = (
			);
			dependencies = (
			);
			name = AnalyticsAnalyzer;
			packageProductDependencies = (
				1639ADE3286E04E200E66EC7 /* ZIPFoundation */,
				1639ADE6286E09A900E66EC7 /* CSV */,
			);
			productName = AnalyticsAnalyzer;
			productReference = 1609485725C3632A001705A6 /* AnalyticsAnalyzer */;
			productType = "com.apple.product-type.tool";
		};
		164945A427B6AE5600C0F5F0 /* encvTool */ = {
			isa = PBXNativeTarget;
			buildConfigurationList = 164945AB27B6AE5600C0F5F0 /* Build configuration list for PBXNativeTarget "encvTool" */;
			buildPhases = (
				164945A127B6AE5600C0F5F0 /* Sources */,
				164945A227B6AE5600C0F5F0 /* Frameworks */,
				164945A327B6AE5600C0F5F0 /* CopyFiles */,
			);
			buildRules = (
			);
			dependencies = (
			);
			name = encvTool;
			packageProductDependencies = (
				164945AF27B6B17700C0F5F0 /* ArgumentParser */,
			);
			productName = encvTool;
			productReference = 164945A527B6AE5600C0F5F0 /* encvTool */;
			productType = "com.apple.product-type.tool";
		};
		1673F54727B07F710037D340 /* GAEN Analytics */ = {
			isa = PBXNativeTarget;
			buildConfigurationList = 1673F55327B07F730037D340 /* Build configuration list for PBXNativeTarget "GAEN Analytics" */;
			buildPhases = (
				1673F54427B07F710037D340 /* Sources */,
				1673F54527B07F710037D340 /* Frameworks */,
				1673F54627B07F710037D340 /* Resources */,
			);
			buildRules = (
			);
			dependencies = (
			);
			name = "GAEN Analytics";
			packageProductDependencies = (
				1615FA4B27EE041F0089F0B6 /* Charts */,
				1615FA4E27EE04390089F0B6 /* ZIPFoundation */,
			);
			productName = "GAEN Analytics";
			productReference = 1673F54827B07F710037D340 /* GAEN Analytics.app */;
			productType = "com.apple.product-type.application";
		};
		16856E8D27BFEE4600F44960 /* AnalyticsPlayground */ = {
			isa = PBXNativeTarget;
			buildConfigurationList = 16856E9427BFEE4600F44960 /* Build configuration list for PBXNativeTarget "AnalyticsPlayground" */;
			buildPhases = (
				16856E8A27BFEE4600F44960 /* Sources */,
				16856E8B27BFEE4600F44960 /* Frameworks */,
				16856E8C27BFEE4600F44960 /* CopyFiles */,
			);
			buildRules = (
			);
			dependencies = (
			);
			name = AnalyticsPlayground;
			productName = AnalyticsPlayground;
			productReference = 16856E8E27BFEE4600F44960 /* AnalyticsPlayground */;
			productType = "com.apple.product-type.tool";
		};
		16856E9F27C04EBE00F44960 /* SmokeTest */ = {
			isa = PBXNativeTarget;
			buildConfigurationList = 16856EA427C04EBE00F44960 /* Build configuration list for PBXNativeTarget "SmokeTest" */;
			buildPhases = (
				16856E9C27C04EBE00F44960 /* Sources */,
				16856E9D27C04EBE00F44960 /* Frameworks */,
				16856E9E27C04EBE00F44960 /* Resources */,
			);
			buildRules = (
			);
			dependencies = (
				16C5E4DB27C7C511007527FC /* PBXTargetDependency */,
			);
			name = SmokeTest;
			productName = SmokeTest;
			productReference = 16856EA027C04EBE00F44960 /* SmokeTest.xctest */;
			productType = "com.apple.product-type.bundle.unit-test";
		};
		169FB8552642F0C10082DDD2 /* AnalyticsTool */ = {
			isa = PBXNativeTarget;
			buildConfigurationList = 169FB85C2642F0C10082DDD2 /* Build configuration list for PBXNativeTarget "AnalyticsTool" */;
			buildPhases = (
				169FB8522642F0C10082DDD2 /* Sources */,
				169FB8532642F0C10082DDD2 /* Frameworks */,
				169FB8542642F0C10082DDD2 /* CopyFiles */,
			);
			buildRules = (
			);
			dependencies = (
			);
			name = AnalyticsTool;
			packageProductDependencies = (
				169FB85D2642F1300082DDD2 /* CSV */,
				169FB85F2642F1360082DDD2 /* ArgumentParser */,
			);
			productName = AnalyticsTool;
			productReference = 169FB8562642F0C10082DDD2 /* AnalyticsTool */;
			productType = "com.apple.product-type.tool";
		};
		16D7B5DE26237CEE00D09126 /* CheckUserRisk */ = {
			isa = PBXNativeTarget;
			buildConfigurationList = 16D7B5E526237CEE00D09126 /* Build configuration list for PBXNativeTarget "CheckUserRisk" */;
			buildPhases = (
				16D7B5DB26237CEE00D09126 /* Sources */,
				16D7B5DC26237CEE00D09126 /* Frameworks */,
				16D7B5DD26237CEE00D09126 /* CopyFiles */,
			);
			buildRules = (
			);
			dependencies = (
			);
			name = CheckUserRisk;
			packageProductDependencies = (
				16DC0F04262391EF0023AF49 /* CSV */,
				16AA11622625CE59007CA1A7 /* ArgumentParser */,
			);
			productName = CheckUserRisk;
			productReference = 16D7B5DF26237CEE00D09126 /* CheckUserRisk */;
			productType = "com.apple.product-type.tool";
		};
/* End PBXNativeTarget section */

/* Begin PBXProject section */
		1609484F25C3632A001705A6 /* Project object */ = {
			isa = PBXProject;
			attributes = {
				LastSwiftUpdateCheck = 1330;
				LastUpgradeCheck = 1340;
				TargetAttributes = {
					1609485625C3632A001705A6 = {
						CreatedOnToolsVersion = 12.5;
					};
					164945A427B6AE5600C0F5F0 = {
						CreatedOnToolsVersion = 13.2.1;
					};
					1673F54727B07F710037D340 = {
						CreatedOnToolsVersion = 13.3;
					};
					16856E8D27BFEE4600F44960 = {
						CreatedOnToolsVersion = 13.3;
					};
					16856E9F27C04EBE00F44960 = {
						CreatedOnToolsVersion = 13.3;
					};
					169FB8552642F0C10082DDD2 = {
						CreatedOnToolsVersion = 12.5;
					};
					16D7B5DE26237CEE00D09126 = {
						CreatedOnToolsVersion = 12.5;
					};
				};
			};
			buildConfigurationList = 1609485225C3632A001705A6 /* Build configuration list for PBXProject "AnalyticsAnalyzer" */;
			compatibilityVersion = "Xcode 9.3";
			developmentRegion = en;
			hasScannedForEncodings = 0;
			knownRegions = (
				en,
				Base,
			);
			mainGroup = 1609484E25C3632A001705A6;
			packageReferences = (
				1609486125C3634A001705A6 /* XCRemoteSwiftPackageReference "CSV.swift" */,
				16AA115F2625CCA5007CA1A7 /* XCRemoteSwiftPackageReference "swift-argument-parser" */,
				1615FA4A27EE041F0089F0B6 /* XCRemoteSwiftPackageReference "Charts" */,
				1615FA4D27EE04390089F0B6 /* XCRemoteSwiftPackageReference "ZIPFoundation" */,
			);
			productRefGroup = 1609485825C3632A001705A6 /* Products */;
			projectDirPath = "";
			projectRoot = "";
			targets = (
				1609485625C3632A001705A6 /* AnalyticsAnalyzer */,
				16D7B5DE26237CEE00D09126 /* CheckUserRisk */,
				169FB8552642F0C10082DDD2 /* AnalyticsTool */,
				1673F54727B07F710037D340 /* GAEN Analytics */,
				164945A427B6AE5600C0F5F0 /* encvTool */,
				16856E8D27BFEE4600F44960 /* AnalyticsPlayground */,
				16856E9F27C04EBE00F44960 /* SmokeTest */,
			);
		};
/* End PBXProject section */

/* Begin PBXResourcesBuildPhase section */
		1673F54627B07F710037D340 /* Resources */ = {
			isa = PBXResourcesBuildPhase;
			buildActionMask = 2147483647;
			files = (
				1673F55227B07F730037D340 /* Preview Assets.xcassets in Resources */,
				16C36C88291C0259005B8613 /* Delay between exposure and nt1.md in Resources */,
				16B2B5D327D3C66F000F763A /* avg days onset to upload.md in Resources */,
				16216BD32885D110008F5F36 /* Encounter detected in past 14 days.md in Resources */,
				16856E5E27BC00F800F44960 /* Notifications per 100K.md in Resources */,
				16C381DA27E221C80008863F /* Secondary attack rate 2.md in Resources */,
				16856E6927BC021C00F44960 /* System health.md in Resources */,
				16A292E8282063000068F29B /* ENCV API key.md in Resources */,
				1615FA5A27EE09D20089F0B6 /* Excess secondary attack rate 2.md in Resources */,
				163EF28B27C921FE00D3C19D /* ENCV.md in Resources */,
				16B2B5E327D40F86000F763A /* combined analysis.md in Resources */,
				16856E6827BC021900F44960 /* tokens claimed.md in Resources */,
				169AAED9286E243B0039CB4E /* unusual tek uploads.md in Resources */,
				16A292EB2821C4920068F29B /* privacy policy.md in Resources */,
				168933ED282952E600A3FDC2 /* Est. scaled notifications per day.md in Resources */,
				16C36C8B291C0266005B8613 /* Delay between exposure and.md in Resources */,
				16C36C81291BFEAB005B8613 /* Average days until notification.md in Resources */,
				161A123527DA3D650026C53D /* Secondary attack rate.md in Resources */,
				16B2B5E127D40F80000F763A /* ENCV data.md in Resources */,
				16216BD72885D145008F5F36 /* Max score distribution.md in Resources */,
				16856E6627BC021000F44960 /* ENPA opt in.md in Resources */,
				167C7022299C0F5F00E9571E /* nationalOptin.csv in Resources */,
				16C381DC27E221CE0008863F /* Secondary attack rate 4.md in Resources */,
				16B2B5E227D40F83000F763A /* ENCV analysis.md in Resources */,
				169205DF28ABD3CB004ADE89 /* Duration summary.md in Resources */,
				163CCB7B27DE462000355180 /* Appendix.md in Resources */,
				16AF2DB427E6167B000B1529 /* Notification share.md in Resources */,
				16DEAB4127D65A4600069680 /* testServers.json in Resources */,
				16C36C83291C0019005B8613 /* Days until notification.md in Resources */,
				163EF28C27C9220200D3C19D /* ENPA.md in Resources */,
				16B2B5DF27D40F7B000F763A /* iOS ENPA.md in Resources */,
				16B2B5D127D3C35B000F763A /* codes claimed within hour %.md in Resources */,
				163EF28F27C933C600D3C19D /* User report %.md in Resources */,
				166E89BB28874498009BEFF5 /* Comparison of device received attenuations.md in Resources */,
				16C381DB27E221CB0008863F /* Secondary attack rate 3.md in Resources */,
				16C381D627E2216F0008863F /* Secondary attack rate 1.md in Resources */,
				16856E6C27BC022500F44960 /* Estimated users.md in Resources */,
				163EF28A27C921FA00D3C19D /* Test.md in Resources */,
				1615FA5127EE092F0089F0B6 /* Publish requests.md in Resources */,
				1615FA5727EE09B10089F0B6 /* Excess secondary attack rate 3.md in Resources */,
				16B2B5D927D40DC3000F763A /* Combined ENPA.md in Resources */,
				1673F54F27B07F730037D340 /* Assets.xcassets in Resources */,
				16B2B5E027D40F7D000F763A /* Android ENPA.md in Resources */,
				16856E6B27BC022200F44960 /* Notifications arriving promptly.md in Resources */,
				166E89BC2887452F009BEFF5 /* Attenuation distribution.md in Resources */,
				16216BD52885D12B008F5F36 /* Sum score distribution.md in Resources */,
				16C36C8A291C0263005B8613 /* Delay between exposure and nt3.md in Resources */,
				16856E6727BC021400F44960 /* claim and consent rates.md in Resources */,
				16C36C89291C025D005B8613 /* Delay between exposure and nt2.md in Resources */,
				1670B5352864E1350018A084 /* Invalid code ratios.md in Resources */,
				1615FA5427EE09810089F0B6 /* Excess secondary attack rate 1.md in Resources */,
				16AF2DB227E39DCD000B1529 /* Users with notifications.md in Resources */,
				1615FA5927EE09CE0089F0B6 /* Excess secondary attack rate 4.md in Resources */,
				16216BD22885D10D008F5F36 /* Weighted duration distribution.md in Resources */,
				16856E5A27BBF40700F44960 /* about.md in Resources */,
				16E8AAF628A4447B009EC1F0 /* ENPA API key.md in Resources */,
				16D2A0A8293E427900381499 /* Percentage of positive users who had received exposure notifications.md in Resources */,
				16856E6A27BC021F00F44960 /* Notifications per key upload.md in Resources */,
			);
			runOnlyForDeploymentPostprocessing = 0;
		};
		16856E9E27C04EBE00F44960 /* Resources */ = {
			isa = PBXResourcesBuildPhase;
			buildActionMask = 2147483647;
			files = (
			);
			runOnlyForDeploymentPostprocessing = 0;
		};
/* End PBXResourcesBuildPhase section */

/* Begin PBXSourcesBuildPhase section */
		1609485325C3632A001705A6 /* Sources */ = {
			isa = PBXSourcesBuildPhase;
			buildActionMask = 2147483647;
			files = (
				16515AA625C9939200C97BB8 /* functionality.swift in Sources */,
				1639ADE5286E057600E66EC7 /* main.swift in Sources */,
				16C5E4DD27C7C5FA007527FC /* ZipFunctionality.swift in Sources */,
				16C8995D288E1FF100DA69AC /* durationAnalysis.swift in Sources */,
				1673F54127B002B80037D340 /* configuration.swift in Sources */,
				16F6DAAF27A764A100388B5B /* FetchENPA.swift in Sources */,
				1673F56527B0A7C80037D340 /* TabularData.swift in Sources */,
				1673F56927B0C0860037D340 /* encvAnalysis.swift in Sources */,
			);
			runOnlyForDeploymentPostprocessing = 0;
		};
		164945A127B6AE5600C0F5F0 /* Sources */ = {
			isa = PBXSourcesBuildPhase;
			buildActionMask = 2147483647;
			files = (
				164945A827B6AE5600C0F5F0 /* main.swift in Sources */,
				164945AE27B6B05C00C0F5F0 /* TabularData.swift in Sources */,
				164945B427B6B1E400C0F5F0 /* FetchENPA.swift in Sources */,
				164945B127B6B19F00C0F5F0 /* functionality.swift in Sources */,
				164945AD27B6B05800C0F5F0 /* configuration.swift in Sources */,
				164945AC27B6B05300C0F5F0 /* encvAnalysis.swift in Sources */,
			);
			runOnlyForDeploymentPostprocessing = 0;
		};
		1673F54427B07F710037D340 /* Sources */ = {
			isa = PBXSourcesBuildPhase;
			buildActionMask = 2147483647;
			files = (
				1673F55F27B0A57D0037D340 /* FetchENPA.swift in Sources */,
				1673F5B827B428A00037D340 /* SummaryView.swift in Sources */,
				16856E4427BAA64700F44960 /* ENXLineChart.swift in Sources */,
				1673F56D27B1820B0037D340 /* ApiKeyView.swift in Sources */,
				163EF28627C91FA800D3C19D /* TopicView.swift in Sources */,
				1673F56127B0A5BA0037D340 /* configuration.swift in Sources */,
				16570A1627D2662B00BEAA12 /* AnalysisProgressView.swift in Sources */,
				16856E5927BBF34800F44960 /* DocView.swift in Sources */,
				1673F55B27B0A4D70037D340 /* ExportView.swift in Sources */,
				16856E4227BA9F0F00F44960 /* ENXChartView.swift in Sources */,
				16C5E4DF27C7C62D007527FC /* ZipFunctionality.swift in Sources */,
				16856E6E27BC62EC00F44960 /* TestView.swift in Sources */,
				16C5E4D927C689CD007527FC /* RawExportView.swift in Sources */,
				1673F56A27B0C0860037D340 /* encvAnalysis.swift in Sources */,
				1673F56027B0A5800037D340 /* functionality.swift in Sources */,
				1673F55A27B0A4D70037D340 /* AnalysisState.swift in Sources */,
				1673F54D27B07F710037D340 /* ContentView.swift in Sources */,
				160B1D75289D728700B68C50 /* durationAnalysis.swift in Sources */,
				1673F55D27B0A4D70037D340 /* SetupState.swift in Sources */,
				1673F55C27B0A4D70037D340 /* SetupView.swift in Sources */,
				1673F54B27B07F710037D340 /* GAEN_AnalyticsApp.swift in Sources */,
				1673F56627B0A8300037D340 /* TabularData.swift in Sources */,
			);
			runOnlyForDeploymentPostprocessing = 0;
		};
		16856E8A27BFEE4600F44960 /* Sources */ = {
			isa = PBXSourcesBuildPhase;
			buildActionMask = 2147483647;
			files = (
				16856E9927BFEFFA00F44960 /* main.swift in Sources */,
				16856EB127C2F5BB00F44960 /* configuration.swift in Sources */,
				16856EAF27C2F57F00F44960 /* FetchENPA.swift in Sources */,
				16856EB027C2F58200F44960 /* functionality.swift in Sources */,
				16856EB227C2F70100F44960 /* TabularData.swift in Sources */,
			);
			runOnlyForDeploymentPostprocessing = 0;
		};
		16856E9C27C04EBE00F44960 /* Sources */ = {
			isa = PBXSourcesBuildPhase;
			buildActionMask = 2147483647;
			files = (
				16856EAC27C04EEE00F44960 /* configuration.swift in Sources */,
				16856EAA27C04EEE00F44960 /* encvAnalysis.swift in Sources */,
				16856EA927C04EEE00F44960 /* FetchENPA.swift in Sources */,
				16856EAE27C04F0400F44960 /* SetupState.swift in Sources */,
				16856EAD27C04F0400F44960 /* AnalysisState.swift in Sources */,
				16856EAB27C04EEE00F44960 /* main.swift in Sources */,
				16856EA327C04EBE00F44960 /* SmokeTest.swift in Sources */,
				16856EA827C04EEE00F44960 /* TabularData.swift in Sources */,
				16856EA727C04EEE00F44960 /* functionality.swift in Sources */,
				16C36C7F291BDD63005B8613 /* durationAnalysis.swift in Sources */,
			);
			runOnlyForDeploymentPostprocessing = 0;
		};
		169FB8522642F0C10082DDD2 /* Sources */ = {
			isa = PBXSourcesBuildPhase;
			buildActionMask = 2147483647;
			files = (
				169FB8592642F0C10082DDD2 /* main.swift in Sources */,
				169FB8612642F3E20082DDD2 /* functionality.swift in Sources */,
				1673F54227B002E10037D340 /* configuration.swift in Sources */,
				16F6DAB027A76C1500388B5B /* FetchENPA.swift in Sources */,
				1673F56727B0A8300037D340 /* TabularData.swift in Sources */,
			);
			runOnlyForDeploymentPostprocessing = 0;
		};
		16D7B5DB26237CEE00D09126 /* Sources */ = {
			isa = PBXSourcesBuildPhase;
			buildActionMask = 2147483647;
			files = (
				16D7B5E226237CEE00D09126 /* main.swift in Sources */,
				1673F54327B002E10037D340 /* configuration.swift in Sources */,
				16DC0F022623908F0023AF49 /* functionality.swift in Sources */,
			);
			runOnlyForDeploymentPostprocessing = 0;
		};
/* End PBXSourcesBuildPhase section */

/* Begin PBXTargetDependency section */
		16C5E4DB27C7C511007527FC /* PBXTargetDependency */ = {
			isa = PBXTargetDependency;
			target = 1673F54727B07F710037D340 /* GAEN Analytics */;
			targetProxy = 16C5E4DA27C7C511007527FC /* PBXContainerItemProxy */;
		};
/* End PBXTargetDependency section */

/* Begin XCBuildConfiguration section */
		1609485C25C3632A001705A6 /* Debug */ = {
			isa = XCBuildConfiguration;
			buildSettings = {
				ALWAYS_SEARCH_USER_PATHS = NO;
				CLANG_ANALYZER_NONNULL = YES;
				CLANG_ANALYZER_NUMBER_OBJECT_CONVERSION = YES_AGGRESSIVE;
				CLANG_CXX_LANGUAGE_STANDARD = "gnu++14";
				CLANG_CXX_LIBRARY = "libc++";
				CLANG_ENABLE_MODULES = YES;
				CLANG_ENABLE_OBJC_ARC = YES;
				CLANG_ENABLE_OBJC_WEAK = YES;
				CLANG_WARN_BLOCK_CAPTURE_AUTORELEASING = YES;
				CLANG_WARN_BOOL_CONVERSION = YES;
				CLANG_WARN_COMMA = YES;
				CLANG_WARN_CONSTANT_CONVERSION = YES;
				CLANG_WARN_DEPRECATED_OBJC_IMPLEMENTATIONS = YES;
				CLANG_WARN_DIRECT_OBJC_ISA_USAGE = YES_ERROR;
				CLANG_WARN_DOCUMENTATION_COMMENTS = YES;
				CLANG_WARN_EMPTY_BODY = YES;
				CLANG_WARN_ENUM_CONVERSION = YES;
				CLANG_WARN_INFINITE_RECURSION = YES;
				CLANG_WARN_INT_CONVERSION = YES;
				CLANG_WARN_NON_LITERAL_NULL_CONVERSION = YES;
				CLANG_WARN_OBJC_IMPLICIT_RETAIN_SELF = YES;
				CLANG_WARN_OBJC_LITERAL_CONVERSION = YES;
				CLANG_WARN_OBJC_ROOT_CLASS = YES_ERROR;
				CLANG_WARN_QUOTED_INCLUDE_IN_FRAMEWORK_HEADER = YES;
				CLANG_WARN_RANGE_LOOP_ANALYSIS = YES;
				CLANG_WARN_STRICT_PROTOTYPES = YES;
				CLANG_WARN_SUSPICIOUS_MOVE = YES;
				CLANG_WARN_UNGUARDED_AVAILABILITY = YES_AGGRESSIVE;
				CLANG_WARN_UNREACHABLE_CODE = YES;
				CLANG_WARN__DUPLICATE_METHOD_MATCH = YES;
				COPY_PHASE_STRIP = NO;
				DEBUG_INFORMATION_FORMAT = dwarf;
				ENABLE_STRICT_OBJC_MSGSEND = YES;
				ENABLE_TESTABILITY = YES;
				GCC_C_LANGUAGE_STANDARD = gnu11;
				GCC_DYNAMIC_NO_PIC = NO;
				GCC_NO_COMMON_BLOCKS = YES;
				GCC_OPTIMIZATION_LEVEL = 0;
				GCC_PREPROCESSOR_DEFINITIONS = (
					"DEBUG=1",
					"$(inherited)",
				);
				GCC_WARN_64_TO_32_BIT_CONVERSION = YES;
				GCC_WARN_ABOUT_RETURN_TYPE = YES_ERROR;
				GCC_WARN_UNDECLARED_SELECTOR = YES;
				GCC_WARN_UNINITIALIZED_AUTOS = YES_AGGRESSIVE;
				GCC_WARN_UNUSED_FUNCTION = YES;
				GCC_WARN_UNUSED_VARIABLE = YES;
				IPHONEOS_DEPLOYMENT_TARGET = 15.0;
				MACOSX_DEPLOYMENT_TARGET = 12.0;
				MTL_ENABLE_DEBUG_INFO = INCLUDE_SOURCE;
				MTL_FAST_MATH = YES;
				ONLY_ACTIVE_ARCH = YES;
				SDKROOT = macosx;
				SWIFT_ACTIVE_COMPILATION_CONDITIONS = DEBUG;
				SWIFT_OPTIMIZATION_LEVEL = "-Onone";
			};
			name = Debug;
		};
		1609485D25C3632A001705A6 /* Release */ = {
			isa = XCBuildConfiguration;
			buildSettings = {
				ALWAYS_SEARCH_USER_PATHS = NO;
				CLANG_ANALYZER_NONNULL = YES;
				CLANG_ANALYZER_NUMBER_OBJECT_CONVERSION = YES_AGGRESSIVE;
				CLANG_CXX_LANGUAGE_STANDARD = "gnu++14";
				CLANG_CXX_LIBRARY = "libc++";
				CLANG_ENABLE_MODULES = YES;
				CLANG_ENABLE_OBJC_ARC = YES;
				CLANG_ENABLE_OBJC_WEAK = YES;
				CLANG_WARN_BLOCK_CAPTURE_AUTORELEASING = YES;
				CLANG_WARN_BOOL_CONVERSION = YES;
				CLANG_WARN_COMMA = YES;
				CLANG_WARN_CONSTANT_CONVERSION = YES;
				CLANG_WARN_DEPRECATED_OBJC_IMPLEMENTATIONS = YES;
				CLANG_WARN_DIRECT_OBJC_ISA_USAGE = YES_ERROR;
				CLANG_WARN_DOCUMENTATION_COMMENTS = YES;
				CLANG_WARN_EMPTY_BODY = YES;
				CLANG_WARN_ENUM_CONVERSION = YES;
				CLANG_WARN_INFINITE_RECURSION = YES;
				CLANG_WARN_INT_CONVERSION = YES;
				CLANG_WARN_NON_LITERAL_NULL_CONVERSION = YES;
				CLANG_WARN_OBJC_IMPLICIT_RETAIN_SELF = YES;
				CLANG_WARN_OBJC_LITERAL_CONVERSION = YES;
				CLANG_WARN_OBJC_ROOT_CLASS = YES_ERROR;
				CLANG_WARN_QUOTED_INCLUDE_IN_FRAMEWORK_HEADER = YES;
				CLANG_WARN_RANGE_LOOP_ANALYSIS = YES;
				CLANG_WARN_STRICT_PROTOTYPES = YES;
				CLANG_WARN_SUSPICIOUS_MOVE = YES;
				CLANG_WARN_UNGUARDED_AVAILABILITY = YES_AGGRESSIVE;
				CLANG_WARN_UNREACHABLE_CODE = YES;
				CLANG_WARN__DUPLICATE_METHOD_MATCH = YES;
				COPY_PHASE_STRIP = NO;
				DEBUG_INFORMATION_FORMAT = "dwarf-with-dsym";
				ENABLE_NS_ASSERTIONS = NO;
				ENABLE_STRICT_OBJC_MSGSEND = YES;
				GCC_C_LANGUAGE_STANDARD = gnu11;
				GCC_NO_COMMON_BLOCKS = YES;
				GCC_WARN_64_TO_32_BIT_CONVERSION = YES;
				GCC_WARN_ABOUT_RETURN_TYPE = YES_ERROR;
				GCC_WARN_UNDECLARED_SELECTOR = YES;
				GCC_WARN_UNINITIALIZED_AUTOS = YES_AGGRESSIVE;
				GCC_WARN_UNUSED_FUNCTION = YES;
				GCC_WARN_UNUSED_VARIABLE = YES;
				IPHONEOS_DEPLOYMENT_TARGET = 15.0;
				MACOSX_DEPLOYMENT_TARGET = 12.0;
				MTL_ENABLE_DEBUG_INFO = NO;
				MTL_FAST_MATH = YES;
				SDKROOT = macosx;
				SWIFT_COMPILATION_MODE = wholemodule;
				SWIFT_OPTIMIZATION_LEVEL = "-O";
			};
			name = Release;
		};
		1609485F25C3632A001705A6 /* Debug */ = {
			isa = XCBuildConfiguration;
			buildSettings = {
				CODE_SIGN_IDENTITY = "-";
				CODE_SIGN_STYLE = Automatic;
				DEVELOPMENT_TEAM = H2Z73245NN;
				ENABLE_HARDENED_RUNTIME = YES;
				PRODUCT_NAME = "$(TARGET_NAME)";
				SWIFT_VERSION = 5.0;
			};
			name = Debug;
		};
		1609486025C3632A001705A6 /* Release */ = {
			isa = XCBuildConfiguration;
			buildSettings = {
				CODE_SIGN_IDENTITY = "-";
				CODE_SIGN_STYLE = Automatic;
				DEVELOPMENT_TEAM = H2Z73245NN;
				ENABLE_HARDENED_RUNTIME = YES;
				PRODUCT_NAME = "$(TARGET_NAME)";
				SWIFT_VERSION = 5.0;
			};
			name = Release;
		};
		164945A927B6AE5600C0F5F0 /* Debug */ = {
			isa = XCBuildConfiguration;
			buildSettings = {
				CLANG_CXX_LANGUAGE_STANDARD = "gnu++17";
				CODE_SIGN_IDENTITY = "-";
				CODE_SIGN_STYLE = Automatic;
				DEVELOPMENT_TEAM = H2Z73245NN;
				ENABLE_HARDENED_RUNTIME = YES;
				MACOSX_DEPLOYMENT_TARGET = 12.3;
				PRODUCT_NAME = "$(TARGET_NAME)";
				SWIFT_VERSION = 5.0;
			};
			name = Debug;
		};
		164945AA27B6AE5600C0F5F0 /* Release */ = {
			isa = XCBuildConfiguration;
			buildSettings = {
				CLANG_CXX_LANGUAGE_STANDARD = "gnu++17";
				CODE_SIGN_IDENTITY = "-";
				CODE_SIGN_STYLE = Automatic;
				DEVELOPMENT_TEAM = H2Z73245NN;
				ENABLE_HARDENED_RUNTIME = YES;
				MACOSX_DEPLOYMENT_TARGET = 12.3;
				PRODUCT_NAME = "$(TARGET_NAME)";
				SWIFT_VERSION = 5.0;
			};
			name = Release;
		};
		1673F55427B07F730037D340 /* Debug */ = {
			isa = XCBuildConfiguration;
			buildSettings = {
				ASSETCATALOG_COMPILER_APPICON_NAME = AppIcon;
				ASSETCATALOG_COMPILER_GLOBAL_ACCENT_COLOR_NAME = AccentColor;
				CLANG_CXX_LANGUAGE_STANDARD = "gnu++17";
				CODE_SIGN_ENTITLEMENTS = "GAEN Analytics/GAEN Analytics.entitlements";
				CODE_SIGN_STYLE = Automatic;
				CURRENT_PROJECT_VERSION = 3;
				DEVELOPMENT_ASSET_PATHS = "\"GAEN Analytics/Preview Content\"";
				DEVELOPMENT_TEAM = H2Z73245NN;
				ENABLE_PREVIEWS = YES;
				GENERATE_INFOPLIST_FILE = YES;
				INFOPLIST_FILE = "GAEN-Analytics-Info.plist";
				INFOPLIST_KEY_CFBundleDisplayName = "GAEN Analytics";
				INFOPLIST_KEY_LSApplicationCategoryType = "public.app-category.utilities";
				INFOPLIST_KEY_NSFaceIDUsageDescription = "We use authentication to ensure only authorized users access your data";
				INFOPLIST_KEY_NSPhotoLibraryAddUsageDescription = "Allow the app to export images of graphs to your photo album";
				INFOPLIST_KEY_UIApplicationSupportsIndirectInputEvents = YES;
				INFOPLIST_KEY_UILaunchScreen_Generation = YES;
				INFOPLIST_KEY_UISupportedInterfaceOrientations = "UIInterfaceOrientationPortrait UIInterfaceOrientationPortraitUpsideDown UIInterfaceOrientationLandscapeLeft UIInterfaceOrientationLandscapeRight";
				INFOPLIST_KEY_UISupportedInterfaceOrientations_iPad = "UIInterfaceOrientationPortrait UIInterfaceOrientationPortraitUpsideDown UIInterfaceOrientationLandscapeLeft UIInterfaceOrientationLandscapeRight";
				INFOPLIST_KEY_UISupportedInterfaceOrientations_iPhone = "UIInterfaceOrientationPortrait UIInterfaceOrientationLandscapeLeft UIInterfaceOrientationLandscapeRight";
				INFOPLIST_KEY_UIUserInterfaceStyle = Light;
				IPHONEOS_DEPLOYMENT_TARGET = 15.3;
				LD_RUNPATH_SEARCH_PATHS = (
					"$(inherited)",
					"@executable_path/Frameworks",
				);
				MARKETING_VERSION = 0.6.0;
				PRODUCT_BUNDLE_IDENTIFIER = com.ninjamonkeycoders.GAENAnalytics;
				PRODUCT_NAME = "$(TARGET_NAME)";
				SDKROOT = iphoneos;
				SUPPORTS_MACCATALYST = YES;
				SWIFT_EMIT_LOC_STRINGS = YES;
				SWIFT_VERSION = 5.0;
				TARGETED_DEVICE_FAMILY = "1,2,6";
			};
			name = Debug;
		};
		1673F55527B07F730037D340 /* Release */ = {
			isa = XCBuildConfiguration;
			buildSettings = {
				ASSETCATALOG_COMPILER_APPICON_NAME = AppIcon;
				ASSETCATALOG_COMPILER_GLOBAL_ACCENT_COLOR_NAME = AccentColor;
				CLANG_CXX_LANGUAGE_STANDARD = "gnu++17";
				CODE_SIGN_ENTITLEMENTS = "GAEN Analytics/GAEN Analytics.entitlements";
				CODE_SIGN_STYLE = Automatic;
				CURRENT_PROJECT_VERSION = 3;
				DEVELOPMENT_ASSET_PATHS = "\"GAEN Analytics/Preview Content\"";
				DEVELOPMENT_TEAM = H2Z73245NN;
				ENABLE_PREVIEWS = YES;
				GENERATE_INFOPLIST_FILE = YES;
				INFOPLIST_FILE = "GAEN-Analytics-Info.plist";
				INFOPLIST_KEY_CFBundleDisplayName = "GAEN Analytics";
				INFOPLIST_KEY_LSApplicationCategoryType = "public.app-category.utilities";
				INFOPLIST_KEY_NSFaceIDUsageDescription = "We use authentication to ensure only authorized users access your data";
				INFOPLIST_KEY_NSPhotoLibraryAddUsageDescription = "Allow the app to export images of graphs to your photo album";
				INFOPLIST_KEY_UIApplicationSupportsIndirectInputEvents = YES;
				INFOPLIST_KEY_UILaunchScreen_Generation = YES;
				INFOPLIST_KEY_UISupportedInterfaceOrientations = "UIInterfaceOrientationPortrait UIInterfaceOrientationPortraitUpsideDown UIInterfaceOrientationLandscapeLeft UIInterfaceOrientationLandscapeRight";
				INFOPLIST_KEY_UISupportedInterfaceOrientations_iPad = "UIInterfaceOrientationPortrait UIInterfaceOrientationPortraitUpsideDown UIInterfaceOrientationLandscapeLeft UIInterfaceOrientationLandscapeRight";
				INFOPLIST_KEY_UISupportedInterfaceOrientations_iPhone = "UIInterfaceOrientationPortrait UIInterfaceOrientationLandscapeLeft UIInterfaceOrientationLandscapeRight";
				INFOPLIST_KEY_UIUserInterfaceStyle = Light;
				IPHONEOS_DEPLOYMENT_TARGET = 15.3;
				LD_RUNPATH_SEARCH_PATHS = (
					"$(inherited)",
					"@executable_path/Frameworks",
				);
				MARKETING_VERSION = 0.6.0;
				PRODUCT_BUNDLE_IDENTIFIER = com.ninjamonkeycoders.GAENAnalytics;
				PRODUCT_NAME = "$(TARGET_NAME)";
				SDKROOT = iphoneos;
				SUPPORTS_MACCATALYST = YES;
				SWIFT_EMIT_LOC_STRINGS = YES;
				SWIFT_VERSION = 5.0;
				TARGETED_DEVICE_FAMILY = "1,2,6";
				VALIDATE_PRODUCT = YES;
			};
			name = Release;
		};
		16856E9227BFEE4600F44960 /* Debug */ = {
			isa = XCBuildConfiguration;
			buildSettings = {
				CLANG_CXX_LANGUAGE_STANDARD = "gnu++17";
				CODE_SIGN_IDENTITY = "-";
				CODE_SIGN_STYLE = Automatic;
				DEVELOPMENT_TEAM = H2Z73245NN;
				ENABLE_HARDENED_RUNTIME = YES;
				MACOSX_DEPLOYMENT_TARGET = 12.3;
				PRODUCT_NAME = "$(TARGET_NAME)";
				SWIFT_VERSION = 5.0;
			};
			name = Debug;
		};
		16856E9327BFEE4600F44960 /* Release */ = {
			isa = XCBuildConfiguration;
			buildSettings = {
				CLANG_CXX_LANGUAGE_STANDARD = "gnu++17";
				CODE_SIGN_IDENTITY = "-";
				CODE_SIGN_STYLE = Automatic;
				DEVELOPMENT_TEAM = H2Z73245NN;
				ENABLE_HARDENED_RUNTIME = YES;
				MACOSX_DEPLOYMENT_TARGET = 12.3;
				PRODUCT_NAME = "$(TARGET_NAME)";
				SWIFT_VERSION = 5.0;
			};
			name = Release;
		};
		16856EA527C04EBE00F44960 /* Debug */ = {
			isa = XCBuildConfiguration;
			buildSettings = {
				CLANG_CXX_LANGUAGE_STANDARD = "gnu++17";
				CODE_SIGN_STYLE = Automatic;
				CURRENT_PROJECT_VERSION = 1;
				DEVELOPMENT_TEAM = H2Z73245NN;
				GENERATE_INFOPLIST_FILE = YES;
				MACOSX_DEPLOYMENT_TARGET = 12.0;
				MARKETING_VERSION = 1.0;
				PRODUCT_BUNDLE_IDENTIFIER = edu.umd.cs.pugh.SmokeTest;
				PRODUCT_NAME = "$(TARGET_NAME)";
				SWIFT_EMIT_LOC_STRINGS = NO;
				SWIFT_VERSION = 5.0;
			};
			name = Debug;
		};
		16856EA627C04EBE00F44960 /* Release */ = {
			isa = XCBuildConfiguration;
			buildSettings = {
				CLANG_CXX_LANGUAGE_STANDARD = "gnu++17";
				CODE_SIGN_STYLE = Automatic;
				CURRENT_PROJECT_VERSION = 1;
				DEVELOPMENT_TEAM = H2Z73245NN;
				GENERATE_INFOPLIST_FILE = YES;
				MACOSX_DEPLOYMENT_TARGET = 12.0;
				MARKETING_VERSION = 1.0;
				PRODUCT_BUNDLE_IDENTIFIER = edu.umd.cs.pugh.SmokeTest;
				PRODUCT_NAME = "$(TARGET_NAME)";
				SWIFT_EMIT_LOC_STRINGS = NO;
				SWIFT_VERSION = 5.0;
			};
			name = Release;
		};
		169FB85A2642F0C10082DDD2 /* Debug */ = {
			isa = XCBuildConfiguration;
			buildSettings = {
				CODE_SIGN_IDENTITY = "Apple Development";
				CODE_SIGN_STYLE = Automatic;
				DEVELOPMENT_TEAM = H2Z73245NN;
				ENABLE_HARDENED_RUNTIME = YES;
				MACOSX_DEPLOYMENT_TARGET = 12.0;
				PRODUCT_NAME = "$(TARGET_NAME)";
				SWIFT_VERSION = 5.0;
			};
			name = Debug;
		};
		169FB85B2642F0C10082DDD2 /* Release */ = {
			isa = XCBuildConfiguration;
			buildSettings = {
				CODE_SIGN_IDENTITY = "Apple Development";
				CODE_SIGN_STYLE = Automatic;
				DEVELOPMENT_TEAM = H2Z73245NN;
				ENABLE_HARDENED_RUNTIME = YES;
				MACOSX_DEPLOYMENT_TARGET = 12.0;
				PRODUCT_NAME = "$(TARGET_NAME)";
				SWIFT_VERSION = 5.0;
			};
			name = Release;
		};
		16D7B5E326237CEE00D09126 /* Debug */ = {
			isa = XCBuildConfiguration;
			buildSettings = {
				CODE_SIGN_IDENTITY = "-";
				CODE_SIGN_STYLE = Automatic;
				DEVELOPMENT_TEAM = H2Z73245NN;
				ENABLE_HARDENED_RUNTIME = YES;
				MACOSX_DEPLOYMENT_TARGET = 12.0;
				PRODUCT_NAME = "$(TARGET_NAME)";
				SWIFT_VERSION = 5.0;
			};
			name = Debug;
		};
		16D7B5E426237CEE00D09126 /* Release */ = {
			isa = XCBuildConfiguration;
			buildSettings = {
				CODE_SIGN_IDENTITY = "-";
				CODE_SIGN_STYLE = Automatic;
				DEVELOPMENT_TEAM = H2Z73245NN;
				ENABLE_HARDENED_RUNTIME = YES;
				MACOSX_DEPLOYMENT_TARGET = 12.0;
				PRODUCT_NAME = "$(TARGET_NAME)";
				SWIFT_VERSION = 5.0;
			};
			name = Release;
		};
/* End XCBuildConfiguration section */

/* Begin XCConfigurationList section */
		1609485225C3632A001705A6 /* Build configuration list for PBXProject "AnalyticsAnalyzer" */ = {
			isa = XCConfigurationList;
			buildConfigurations = (
				1609485C25C3632A001705A6 /* Debug */,
				1609485D25C3632A001705A6 /* Release */,
			);
			defaultConfigurationIsVisible = 0;
			defaultConfigurationName = Release;
		};
		1609485E25C3632A001705A6 /* Build configuration list for PBXNativeTarget "AnalyticsAnalyzer" */ = {
			isa = XCConfigurationList;
			buildConfigurations = (
				1609485F25C3632A001705A6 /* Debug */,
				1609486025C3632A001705A6 /* Release */,
			);
			defaultConfigurationIsVisible = 0;
			defaultConfigurationName = Release;
		};
		164945AB27B6AE5600C0F5F0 /* Build configuration list for PBXNativeTarget "encvTool" */ = {
			isa = XCConfigurationList;
			buildConfigurations = (
				164945A927B6AE5600C0F5F0 /* Debug */,
				164945AA27B6AE5600C0F5F0 /* Release */,
			);
			defaultConfigurationIsVisible = 0;
			defaultConfigurationName = Release;
		};
		1673F55327B07F730037D340 /* Build configuration list for PBXNativeTarget "GAEN Analytics" */ = {
			isa = XCConfigurationList;
			buildConfigurations = (
				1673F55427B07F730037D340 /* Debug */,
				1673F55527B07F730037D340 /* Release */,
			);
			defaultConfigurationIsVisible = 0;
			defaultConfigurationName = Release;
		};
		16856E9427BFEE4600F44960 /* Build configuration list for PBXNativeTarget "AnalyticsPlayground" */ = {
			isa = XCConfigurationList;
			buildConfigurations = (
				16856E9227BFEE4600F44960 /* Debug */,
				16856E9327BFEE4600F44960 /* Release */,
			);
			defaultConfigurationIsVisible = 0;
			defaultConfigurationName = Release;
		};
		16856EA427C04EBE00F44960 /* Build configuration list for PBXNativeTarget "SmokeTest" */ = {
			isa = XCConfigurationList;
			buildConfigurations = (
				16856EA527C04EBE00F44960 /* Debug */,
				16856EA627C04EBE00F44960 /* Release */,
			);
			defaultConfigurationIsVisible = 0;
			defaultConfigurationName = Release;
		};
		169FB85C2642F0C10082DDD2 /* Build configuration list for PBXNativeTarget "AnalyticsTool" */ = {
			isa = XCConfigurationList;
			buildConfigurations = (
				169FB85A2642F0C10082DDD2 /* Debug */,
				169FB85B2642F0C10082DDD2 /* Release */,
			);
			defaultConfigurationIsVisible = 0;
			defaultConfigurationName = Release;
		};
		16D7B5E526237CEE00D09126 /* Build configuration list for PBXNativeTarget "CheckUserRisk" */ = {
			isa = XCConfigurationList;
			buildConfigurations = (
				16D7B5E326237CEE00D09126 /* Debug */,
				16D7B5E426237CEE00D09126 /* Release */,
			);
			defaultConfigurationIsVisible = 0;
			defaultConfigurationName = Release;
		};
/* End XCConfigurationList section */

/* Begin XCRemoteSwiftPackageReference section */
		1609486125C3634A001705A6 /* XCRemoteSwiftPackageReference "CSV.swift" */ = {
			isa = XCRemoteSwiftPackageReference;
			repositoryURL = "https://github.com/yaslab/CSV.swift.git";
			requirement = {
				kind = upToNextMajorVersion;
				minimumVersion = 2.4.3;
			};
		};
		1615FA4A27EE041F0089F0B6 /* XCRemoteSwiftPackageReference "Charts" */ = {
			isa = XCRemoteSwiftPackageReference;
			repositoryURL = "https://github.com/danielgindi/Charts.git";
			requirement = {
				kind = upToNextMajorVersion;
				minimumVersion = 4.1.0;
			};
		};
		1615FA4D27EE04390089F0B6 /* XCRemoteSwiftPackageReference "ZIPFoundation" */ = {
			isa = XCRemoteSwiftPackageReference;
			repositoryURL = "https://github.com/weichsel/ZIPFoundation";
			requirement = {
				kind = upToNextMajorVersion;
				minimumVersion = 0.9.9;
			};
		};
		16AA115F2625CCA5007CA1A7 /* XCRemoteSwiftPackageReference "swift-argument-parser" */ = {
			isa = XCRemoteSwiftPackageReference;
			repositoryURL = "https://github.com/apple/swift-argument-parser";
			requirement = {
				kind = upToNextMajorVersion;
				minimumVersion = 1.0.0;
			};
		};
/* End XCRemoteSwiftPackageReference section */

/* Begin XCSwiftPackageProductDependency section */
		1615FA4B27EE041F0089F0B6 /* Charts */ = {
			isa = XCSwiftPackageProductDependency;
			package = 1615FA4A27EE041F0089F0B6 /* XCRemoteSwiftPackageReference "Charts" */;
			productName = Charts;
		};
		1615FA4E27EE04390089F0B6 /* ZIPFoundation */ = {
			isa = XCSwiftPackageProductDependency;
			package = 1615FA4D27EE04390089F0B6 /* XCRemoteSwiftPackageReference "ZIPFoundation" */;
			productName = ZIPFoundation;
		};
		1639ADE3286E04E200E66EC7 /* ZIPFoundation */ = {
			isa = XCSwiftPackageProductDependency;
			package = 1615FA4D27EE04390089F0B6 /* XCRemoteSwiftPackageReference "ZIPFoundation" */;
			productName = ZIPFoundation;
		};
		1639ADE6286E09A900E66EC7 /* CSV */ = {
			isa = XCSwiftPackageProductDependency;
			package = 1609486125C3634A001705A6 /* XCRemoteSwiftPackageReference "CSV.swift" */;
			productName = CSV;
		};
		164945AF27B6B17700C0F5F0 /* ArgumentParser */ = {
			isa = XCSwiftPackageProductDependency;
			package = 16AA115F2625CCA5007CA1A7 /* XCRemoteSwiftPackageReference "swift-argument-parser" */;
			productName = ArgumentParser;
		};
		169FB85D2642F1300082DDD2 /* CSV */ = {
			isa = XCSwiftPackageProductDependency;
			package = 1609486125C3634A001705A6 /* XCRemoteSwiftPackageReference "CSV.swift" */;
			productName = CSV;
		};
		169FB85F2642F1360082DDD2 /* ArgumentParser */ = {
			isa = XCSwiftPackageProductDependency;
			package = 16AA115F2625CCA5007CA1A7 /* XCRemoteSwiftPackageReference "swift-argument-parser" */;
			productName = ArgumentParser;
		};
		16AA11622625CE59007CA1A7 /* ArgumentParser */ = {
			isa = XCSwiftPackageProductDependency;
			package = 16AA115F2625CCA5007CA1A7 /* XCRemoteSwiftPackageReference "swift-argument-parser" */;
			productName = ArgumentParser;
		};
		16DC0F04262391EF0023AF49 /* CSV */ = {
			isa = XCSwiftPackageProductDependency;
			package = 1609486125C3634A001705A6 /* XCRemoteSwiftPackageReference "CSV.swift" */;
			productName = CSV;
		};
/* End XCSwiftPackageProductDependency section */
	};
	rootObject = 1609484F25C3632A001705A6 /* Project object */;
}
